// !$*UTF8*$!
{
	archiveVersion = 1;
	classes = {
	};
	objectVersion = 48;
	objects = {

/* Begin PBXBuildFile section */
		1F0DFA835BCCC584E85ACA5D /* libPods-GuoMeiMall.a in Frameworks */ = {isa = PBXBuildFile; fileRef = EFF614560F9288B6D83DBC78 /* libPods-GuoMeiMall.a */; };
		F031772E207DE6050064E4F2 /* GMMyCenterHeadView.m in Sources */ = {isa = PBXBuildFile; fileRef = F031772D207DE6050064E4F2 /* GMMyCenterHeadView.m */; };
		F0317730207DE6230064E4F2 /* GMMyCenterHeadView.xib in Resources */ = {isa = PBXBuildFile; fileRef = F031772F207DE6230064E4F2 /* GMMyCenterHeadView.xib */; };
		F0317733207DF3800064E4F2 /* GMMyCenterTopView.m in Sources */ = {isa = PBXBuildFile; fileRef = F0317732207DF3800064E4F2 /* GMMyCenterTopView.m */; };
		F0318A24207EF22B00825887 /* GMMyCenterBtn.m in Sources */ = {isa = PBXBuildFile; fileRef = F0318A23207EF22B00825887 /* GMMyCenterBtn.m */; };
		F0318A27207EF3A900825887 /* GMShareBtn.m in Sources */ = {isa = PBXBuildFile; fileRef = F0318A26207EF3A900825887 /* GMShareBtn.m */; };
		F0318A2A207EFB8500825887 /* GMCenterItemCell.m in Sources */ = {isa = PBXBuildFile; fileRef = F0318A29207EFB8500825887 /* GMCenterItemCell.m */; };
		F0318A51207F01E200825887 /* GMStateItemCell.m in Sources */ = {isa = PBXBuildFile; fileRef = F0318A4F207F01E200825887 /* GMStateItemCell.m */; };
		F0318A52207F01E200825887 /* GMStateItemCell.xib in Resources */ = {isa = PBXBuildFile; fileRef = F0318A50207F01E200825887 /* GMStateItemCell.xib */; };
		F0318A55207F030F00825887 /* GMStateItem.m in Sources */ = {isa = PBXBuildFile; fileRef = F0318A54207F030F00825887 /* GMStateItem.m */; };
		F0318A79207F160D00825887 /* loading.gif in Resources */ = {isa = PBXBuildFile; fileRef = F0318A57207F160D00825887 /* loading.gif */; };
		F0318A7A207F160D00825887 /* loading2.gif in Resources */ = {isa = PBXBuildFile; fileRef = F0318A58207F160D00825887 /* loading2.gif */; };
		F0318A7B207F160D00825887 /* T1cdxgB5_T1RCvBVdK.gif in Resources */ = {isa = PBXBuildFile; fileRef = F0318A59207F160D00825887 /* T1cdxgB5_T1RCvBVdK.gif */; };
		F0318A7C207F160D00825887 /* moveupAndDown@2x.gif in Resources */ = {isa = PBXBuildFile; fileRef = F0318A5A207F160D00825887 /* moveupAndDown@2x.gif */; };
		F0318A7D207F160D00825887 /* shareTerrace.plist in Resources */ = {isa = PBXBuildFile; fileRef = F0318A5D207F160D00825887 /* shareTerrace.plist */; };
		F0318A7E207F160D00825887 /* ClassifyTitles.plist in Resources */ = {isa = PBXBuildFile; fileRef = F0318A5E207F160D00825887 /* ClassifyTitles.plist */; };
		F0318A7F207F160D00825887 /* DetailRecommend.plist in Resources */ = {isa = PBXBuildFile; fileRef = F0318A5F207F160D00825887 /* DetailRecommend.plist */; };
		F0318A80207F160D00825887 /* ClassiftyGoods03.plist in Resources */ = {isa = PBXBuildFile; fileRef = F0318A60207F160D00825887 /* ClassiftyGoods03.plist */; };
		F0318A81207F160D00825887 /* ClasiftyGoods.plist in Resources */ = {isa = PBXBuildFile; fileRef = F0318A61207F160D00825887 /* ClasiftyGoods.plist */; };
		F0318A82207F160D00825887 /* ClassiftyGoods01.plist in Resources */ = {isa = PBXBuildFile; fileRef = F0318A62207F160D00825887 /* ClassiftyGoods01.plist */; };
		F0318A83207F160D00825887 /* ClassiftyGoods02.plist in Resources */ = {isa = PBXBuildFile; fileRef = F0318A63207F160D00825887 /* ClassiftyGoods02.plist */; };
		F0318A84207F160D00825887 /* FootprintGoods.plist in Resources */ = {isa = PBXBuildFile; fileRef = F0318A64207F160D00825887 /* FootprintGoods.plist */; };
		F0318A85207F160D00825887 /* ShopItem.plist in Resources */ = {isa = PBXBuildFile; fileRef = F0318A65207F160D00825887 /* ShopItem.plist */; };
		F0318A86207F160D00825887 /* FiltrateItem.plist in Resources */ = {isa = PBXBuildFile; fileRef = F0318A66207F160D00825887 /* FiltrateItem.plist */; };
		F0318A87207F160D00825887 /* BeautyShop.plist in Resources */ = {isa = PBXBuildFile; fileRef = F0318A68207F160D00825887 /* BeautyShop.plist */; };
		F0318A88207F160D00825887 /* BeautyRecommendShop.plist in Resources */ = {isa = PBXBuildFile; fileRef = F0318A69207F160D00825887 /* BeautyRecommendShop.plist */; };
		F0318A89207F160D00825887 /* YouLikeGoods.plist in Resources */ = {isa = PBXBuildFile; fileRef = F0318A6B207F160D00825887 /* YouLikeGoods.plist */; };
		F0318A8A207F160D00825887 /* CommentPic.plist in Resources */ = {isa = PBXBuildFile; fileRef = F0318A6C207F160D00825887 /* CommentPic.plist */; };
		F0318A8B207F160D00825887 /* MyCenterFlow.plist in Resources */ = {isa = PBXBuildFile; fileRef = F0318A6D207F160D00825887 /* MyCenterFlow.plist */; };
		F0318A8C207F160D00825887 /* CommentData.plist in Resources */ = {isa = PBXBuildFile; fileRef = F0318A6E207F160D00825887 /* CommentData.plist */; };
		F0318A8D207F160D00825887 /* CommentBadData.plist in Resources */ = {isa = PBXBuildFile; fileRef = F0318A6F207F160D00825887 /* CommentBadData.plist */; };
		F0318A8E207F160D00825887 /* DeliveryAdress.plist in Resources */ = {isa = PBXBuildFile; fileRef = F0318A70207F160D00825887 /* DeliveryAdress.plist */; };
		F0318A8F207F160D00825887 /* MessageNote.plist in Resources */ = {isa = PBXBuildFile; fileRef = F0318A71207F160D00825887 /* MessageNote.plist */; };
		F0318A90207F160D00825887 /* MyServiceFlow.plist in Resources */ = {isa = PBXBuildFile; fileRef = F0318A72207F160D00825887 /* MyServiceFlow.plist */; };
		F0318A91207F160D00825887 /* GoodsGrid.plist in Resources */ = {isa = PBXBuildFile; fileRef = F0318A74207F160D00825887 /* GoodsGrid.plist */; };
		F0318A92207F160D00825887 /* HomeHighGoods.plist in Resources */ = {isa = PBXBuildFile; fileRef = F0318A75207F160D00825887 /* HomeHighGoods.plist */; };
		F0318A93207F160D00825887 /* CountDownShop.plist in Resources */ = {isa = PBXBuildFile; fileRef = F0318A76207F160D00825887 /* CountDownShop.plist */; };
		F0318A94207F160D00825887 /* RecommendShop.plist in Resources */ = {isa = PBXBuildFile; fileRef = F0318A78207F160D00825887 /* RecommendShop.plist */; };
		F0318A98207F2C1100825887 /* GMCenterServiceCell.m in Sources */ = {isa = PBXBuildFile; fileRef = F0318A96207F2C1100825887 /* GMCenterServiceCell.m */; };
		F0318A99207F2C1100825887 /* GMCenterServiceCell.xib in Resources */ = {isa = PBXBuildFile; fileRef = F0318A97207F2C1100825887 /* GMCenterServiceCell.xib */; };
		F0318AA3207F351000825887 /* GMGoodsGridCell.m in Sources */ = {isa = PBXBuildFile; fileRef = F0318AA2207F351000825887 /* GMGoodsGridCell.m */; };
		F0318AA6207F352B00825887 /* GMGoodsGridModel.m in Sources */ = {isa = PBXBuildFile; fileRef = F0318AA5207F352B00825887 /* GMGoodsGridModel.m */; };
		F0318AAA207F48FD00825887 /* UIColor+GMColorChange.m in Sources */ = {isa = PBXBuildFile; fileRef = F0318AA9207F48FD00825887 /* UIColor+GMColorChange.m */; };
		F0318AAE207F590700825887 /* GMCenterShopCell.m in Sources */ = {isa = PBXBuildFile; fileRef = F0318AAC207F590700825887 /* GMCenterShopCell.m */; };
		F0318AAF207F590700825887 /* GMCenterShopCell.xib in Resources */ = {isa = PBXBuildFile; fileRef = F0318AAD207F590700825887 /* GMCenterShopCell.xib */; };
		F0318AB3207F5D2400825887 /* GMCenterBackCell.m in Sources */ = {isa = PBXBuildFile; fileRef = F0318AB1207F5D2400825887 /* GMCenterBackCell.m */; };
		F0318AB4207F5D2400825887 /* GMCenterBackCell.xib in Resources */ = {isa = PBXBuildFile; fileRef = F0318AB2207F5D2400825887 /* GMCenterBackCell.xib */; };
		F078EFEA207AFFC6005F8B30 /* UIView+Extension.m in Sources */ = {isa = PBXBuildFile; fileRef = F078EFE9207AFFC6005F8B30 /* UIView+Extension.m */; };
		F078EFEF207B1077005F8B30 /* GMNavController.m in Sources */ = {isa = PBXBuildFile; fileRef = F078EFEE207B1077005F8B30 /* GMNavController.m */; };
		F078EFF2207B1739005F8B30 /* GMTabController.m in Sources */ = {isa = PBXBuildFile; fileRef = F078EFF1207B1739005F8B30 /* GMTabController.m */; };
		F078F008207B36AE005F8B30 /* GMBaseController.m in Sources */ = {isa = PBXBuildFile; fileRef = F078F007207B36AE005F8B30 /* GMBaseController.m */; };
		F078F00B207B3951005F8B30 /* GMMyCenterController.m in Sources */ = {isa = PBXBuildFile; fileRef = F078F00A207B3951005F8B30 /* GMMyCenterController.m */; };
		F078F00E207B3997005F8B30 /* GMBeautyMessageController.m in Sources */ = {isa = PBXBuildFile; fileRef = F078F00D207B3997005F8B30 /* GMBeautyMessageController.m */; };
		F078F011207B3A44005F8B30 /* GMBeautyShopController.m in Sources */ = {isa = PBXBuildFile; fileRef = F078F010207B3A44005F8B30 /* GMBeautyShopController.m */; };
		F078F014207B3A9C005F8B30 /* GMMediaListController.m in Sources */ = {isa = PBXBuildFile; fileRef = F078F013207B3A9C005F8B30 /* GMMediaListController.m */; };
		F078F017207B3BE3005F8B30 /* GMHomeController.m in Sources */ = {isa = PBXBuildFile; fileRef = F078F016207B3BE3005F8B30 /* GMHomeController.m */; };
		F078F01C207B4C77005F8B30 /* GMNewFeatureController.m in Sources */ = {isa = PBXBuildFile; fileRef = F078F01B207B4C77005F8B30 /* GMNewFeatureController.m */; };
		F078F01F207B4CB7005F8B30 /* GMNewFeatureCell.m in Sources */ = {isa = PBXBuildFile; fileRef = F078F01E207B4CB7005F8B30 /* GMNewFeatureCell.m */; };
		F078F023207B5A48005F8B30 /* GMAppVersion.m in Sources */ = {isa = PBXBuildFile; fileRef = F078F022207B5A48005F8B30 /* GMAppVersion.m */; };
		F078F029207B67A4005F8B30 /* GMLoginController.m in Sources */ = {isa = PBXBuildFile; fileRef = F078F027207B67A4005F8B30 /* GMLoginController.m */; };
		F078F02A207B67A4005F8B30 /* GMLoginController.xib in Resources */ = {isa = PBXBuildFile; fileRef = F078F028207B67A4005F8B30 /* GMLoginController.xib */; };
		F078F02D207B6C62005F8B30 /* GMAccountPwdView.m in Sources */ = {isa = PBXBuildFile; fileRef = F078F02C207B6C62005F8B30 /* GMAccountPwdView.m */; };
		F078F02F207B6C83005F8B30 /* GMAccountPwdView.xib in Resources */ = {isa = PBXBuildFile; fileRef = F078F02E207B6C83005F8B30 /* GMAccountPwdView.xib */; };
		F078F032207B6CAD005F8B30 /* GMPhoneRegistView.m in Sources */ = {isa = PBXBuildFile; fileRef = F078F031207B6CAD005F8B30 /* GMPhoneRegistView.m */; };
		F078F034207B6CB9005F8B30 /* GMPhoneRegistView.xib in Resources */ = {isa = PBXBuildFile; fileRef = F078F033207B6CB9005F8B30 /* GMPhoneRegistView.xib */; };
		F0C0B884207A0D5400379213 /* AppDelegate.m in Sources */ = {isa = PBXBuildFile; fileRef = F0C0B883207A0D5400379213 /* AppDelegate.m */; };
		F0C0B88C207A0D5400379213 /* Assets.xcassets in Resources */ = {isa = PBXBuildFile; fileRef = F0C0B88B207A0D5400379213 /* Assets.xcassets */; };
		F0C0B88F207A0D5400379213 /* LaunchScreen.storyboard in Resources */ = {isa = PBXBuildFile; fileRef = F0C0B88D207A0D5400379213 /* LaunchScreen.storyboard */; };
		F0C0B892207A0D5400379213 /* main.m in Sources */ = {isa = PBXBuildFile; fileRef = F0C0B891207A0D5400379213 /* main.m */; };
		F0C0B89C207A0D5400379213 /* GuoMeiMallTests.m in Sources */ = {isa = PBXBuildFile; fileRef = F0C0B89B207A0D5400379213 /* GuoMeiMallTests.m */; };
		F0C0B8A7207A0D5400379213 /* GuoMeiMallUITests.m in Sources */ = {isa = PBXBuildFile; fileRef = F0C0B8A6207A0D5400379213 /* GuoMeiMallUITests.m */; };
		F0C58925207C4F1500CE448F /* DCSpeedy.m in Sources */ = {isa = PBXBuildFile; fileRef = F0C58919207C4F1500CE448F /* DCSpeedy.m */; };
		F0C58926207C4F1500CE448F /* DCCheckRegular.m in Sources */ = {isa = PBXBuildFile; fileRef = F0C5891B207C4F1500CE448F /* DCCheckRegular.m */; };
		F0C58927207C4F1500CE448F /* DCObjManager.m in Sources */ = {isa = PBXBuildFile; fileRef = F0C5891C207C4F1500CE448F /* DCObjManager.m */; };
		F0C58928207C4F1500CE448F /* Foundation+Log.m in Sources */ = {isa = PBXBuildFile; fileRef = F0C5891D207C4F1500CE448F /* Foundation+Log.m */; };
		F0C58929207C4F1500CE448F /* DCPlaceholderTextView.m in Sources */ = {isa = PBXBuildFile; fileRef = F0C5891E207C4F1500CE448F /* DCPlaceholderTextView.m */; };
		F0C5892E207C679200CE448F /* GMConsts.m in Sources */ = {isa = PBXBuildFile; fileRef = F0C5892D207C679200CE448F /* GMConsts.m */; };
		F0C58931207C67AC00CE448F /* GMNotificationName.m in Sources */ = {isa = PBXBuildFile; fileRef = F0C58930207C67AC00CE448F /* GMNotificationName.m */; };
		F0C58936207C691A00CE448F /* UIView+Toast.m in Sources */ = {isa = PBXBuildFile; fileRef = F0C58935207C691A00CE448F /* UIView+Toast.m */; };
/* End PBXBuildFile section */

/* Begin PBXContainerItemProxy section */
		F0C0B898207A0D5400379213 /* PBXContainerItemProxy */ = {
			isa = PBXContainerItemProxy;
			containerPortal = F0C0B877207A0D5400379213 /* Project object */;
			proxyType = 1;
			remoteGlobalIDString = F0C0B87E207A0D5400379213;
			remoteInfo = GuoMeiMall;
		};
		F0C0B8A3207A0D5400379213 /* PBXContainerItemProxy */ = {
			isa = PBXContainerItemProxy;
			containerPortal = F0C0B877207A0D5400379213 /* Project object */;
			proxyType = 1;
			remoteGlobalIDString = F0C0B87E207A0D5400379213;
			remoteInfo = GuoMeiMall;
		};
/* End PBXContainerItemProxy section */

/* Begin PBXFileReference section */
		2D8F9D0277B317D467E313DB /* Pods-GuoMeiMall.release.xcconfig */ = {isa = PBXFileReference; includeInIndex = 1; lastKnownFileType = text.xcconfig; name = "Pods-GuoMeiMall.release.xcconfig"; path = "Pods/Target Support Files/Pods-GuoMeiMall/Pods-GuoMeiMall.release.xcconfig"; sourceTree = "<group>"; };
		B7B54A8E0B51C06CFB6A4B1D /* Pods-GuoMeiMall.debug.xcconfig */ = {isa = PBXFileReference; includeInIndex = 1; lastKnownFileType = text.xcconfig; name = "Pods-GuoMeiMall.debug.xcconfig"; path = "Pods/Target Support Files/Pods-GuoMeiMall/Pods-GuoMeiMall.debug.xcconfig"; sourceTree = "<group>"; };
		EFF614560F9288B6D83DBC78 /* libPods-GuoMeiMall.a */ = {isa = PBXFileReference; explicitFileType = archive.ar; includeInIndex = 0; path = "libPods-GuoMeiMall.a"; sourceTree = BUILT_PRODUCTS_DIR; };
		F031772C207DE6050064E4F2 /* GMMyCenterHeadView.h */ = {isa = PBXFileReference; lastKnownFileType = sourcecode.c.h; path = GMMyCenterHeadView.h; sourceTree = "<group>"; };
		F031772D207DE6050064E4F2 /* GMMyCenterHeadView.m */ = {isa = PBXFileReference; lastKnownFileType = sourcecode.c.objc; path = GMMyCenterHeadView.m; sourceTree = "<group>"; };
		F031772F207DE6230064E4F2 /* GMMyCenterHeadView.xib */ = {isa = PBXFileReference; lastKnownFileType = file.xib; path = GMMyCenterHeadView.xib; sourceTree = "<group>"; };
		F0317731207DF3800064E4F2 /* GMMyCenterTopView.h */ = {isa = PBXFileReference; lastKnownFileType = sourcecode.c.h; path = GMMyCenterTopView.h; sourceTree = "<group>"; };
		F0317732207DF3800064E4F2 /* GMMyCenterTopView.m */ = {isa = PBXFileReference; lastKnownFileType = sourcecode.c.objc; path = GMMyCenterTopView.m; sourceTree = "<group>"; };
		F0318A22207EF22B00825887 /* GMMyCenterBtn.h */ = {isa = PBXFileReference; lastKnownFileType = sourcecode.c.h; path = GMMyCenterBtn.h; sourceTree = "<group>"; };
		F0318A23207EF22B00825887 /* GMMyCenterBtn.m */ = {isa = PBXFileReference; lastKnownFileType = sourcecode.c.objc; path = GMMyCenterBtn.m; sourceTree = "<group>"; };
		F0318A25207EF3A900825887 /* GMShareBtn.h */ = {isa = PBXFileReference; lastKnownFileType = sourcecode.c.h; path = GMShareBtn.h; sourceTree = "<group>"; };
		F0318A26207EF3A900825887 /* GMShareBtn.m */ = {isa = PBXFileReference; lastKnownFileType = sourcecode.c.objc; path = GMShareBtn.m; sourceTree = "<group>"; };
		F0318A28207EFB8500825887 /* GMCenterItemCell.h */ = {isa = PBXFileReference; lastKnownFileType = sourcecode.c.h; path = GMCenterItemCell.h; sourceTree = "<group>"; };
		F0318A29207EFB8500825887 /* GMCenterItemCell.m */ = {isa = PBXFileReference; lastKnownFileType = sourcecode.c.objc; path = GMCenterItemCell.m; sourceTree = "<group>"; };
		F0318A4E207F01E200825887 /* GMStateItemCell.h */ = {isa = PBXFileReference; lastKnownFileType = sourcecode.c.h; path = GMStateItemCell.h; sourceTree = "<group>"; };
		F0318A4F207F01E200825887 /* GMStateItemCell.m */ = {isa = PBXFileReference; lastKnownFileType = sourcecode.c.objc; path = GMStateItemCell.m; sourceTree = "<group>"; };
		F0318A50207F01E200825887 /* GMStateItemCell.xib */ = {isa = PBXFileReference; lastKnownFileType = file.xib; path = GMStateItemCell.xib; sourceTree = "<group>"; };
		F0318A53207F030F00825887 /* GMStateItem.h */ = {isa = PBXFileReference; lastKnownFileType = sourcecode.c.h; path = GMStateItem.h; sourceTree = "<group>"; };
		F0318A54207F030F00825887 /* GMStateItem.m */ = {isa = PBXFileReference; lastKnownFileType = sourcecode.c.objc; path = GMStateItem.m; sourceTree = "<group>"; };
		F0318A57207F160D00825887 /* loading.gif */ = {isa = PBXFileReference; lastKnownFileType = image.gif; path = loading.gif; sourceTree = "<group>"; };
		F0318A58207F160D00825887 /* loading2.gif */ = {isa = PBXFileReference; lastKnownFileType = image.gif; path = loading2.gif; sourceTree = "<group>"; };
		F0318A59207F160D00825887 /* T1cdxgB5_T1RCvBVdK.gif */ = {isa = PBXFileReference; lastKnownFileType = image.gif; path = T1cdxgB5_T1RCvBVdK.gif; sourceTree = "<group>"; };
		F0318A5A207F160D00825887 /* moveupAndDown@2x.gif */ = {isa = PBXFileReference; lastKnownFileType = image.gif; path = "moveupAndDown@2x.gif"; sourceTree = "<group>"; };
		F0318A5D207F160D00825887 /* shareTerrace.plist */ = {isa = PBXFileReference; fileEncoding = 4; lastKnownFileType = text.plist.xml; path = shareTerrace.plist; sourceTree = "<group>"; };
		F0318A5E207F160D00825887 /* ClassifyTitles.plist */ = {isa = PBXFileReference; fileEncoding = 4; lastKnownFileType = text.plist.xml; path = ClassifyTitles.plist; sourceTree = "<group>"; };
		F0318A5F207F160D00825887 /* DetailRecommend.plist */ = {isa = PBXFileReference; fileEncoding = 4; lastKnownFileType = text.plist.xml; path = DetailRecommend.plist; sourceTree = "<group>"; };
		F0318A60207F160D00825887 /* ClassiftyGoods03.plist */ = {isa = PBXFileReference; fileEncoding = 4; lastKnownFileType = text.plist.xml; path = ClassiftyGoods03.plist; sourceTree = "<group>"; };
		F0318A61207F160D00825887 /* ClasiftyGoods.plist */ = {isa = PBXFileReference; fileEncoding = 4; lastKnownFileType = text.plist.xml; path = ClasiftyGoods.plist; sourceTree = "<group>"; };
		F0318A62207F160D00825887 /* ClassiftyGoods01.plist */ = {isa = PBXFileReference; fileEncoding = 4; lastKnownFileType = text.plist.xml; path = ClassiftyGoods01.plist; sourceTree = "<group>"; };
		F0318A63207F160D00825887 /* ClassiftyGoods02.plist */ = {isa = PBXFileReference; fileEncoding = 4; lastKnownFileType = text.plist.xml; path = ClassiftyGoods02.plist; sourceTree = "<group>"; };
		F0318A64207F160D00825887 /* FootprintGoods.plist */ = {isa = PBXFileReference; fileEncoding = 4; lastKnownFileType = text.plist.xml; path = FootprintGoods.plist; sourceTree = "<group>"; };
		F0318A65207F160D00825887 /* ShopItem.plist */ = {isa = PBXFileReference; fileEncoding = 4; lastKnownFileType = text.plist.xml; path = ShopItem.plist; sourceTree = "<group>"; };
		F0318A66207F160D00825887 /* FiltrateItem.plist */ = {isa = PBXFileReference; fileEncoding = 4; lastKnownFileType = text.plist.xml; path = FiltrateItem.plist; sourceTree = "<group>"; };
		F0318A68207F160D00825887 /* BeautyShop.plist */ = {isa = PBXFileReference; fileEncoding = 4; lastKnownFileType = text.plist.xml; path = BeautyShop.plist; sourceTree = "<group>"; };
		F0318A69207F160D00825887 /* BeautyRecommendShop.plist */ = {isa = PBXFileReference; fileEncoding = 4; lastKnownFileType = text.plist.xml; path = BeautyRecommendShop.plist; sourceTree = "<group>"; };
		F0318A6B207F160D00825887 /* YouLikeGoods.plist */ = {isa = PBXFileReference; fileEncoding = 4; lastKnownFileType = text.plist.xml; path = YouLikeGoods.plist; sourceTree = "<group>"; };
		F0318A6C207F160D00825887 /* CommentPic.plist */ = {isa = PBXFileReference; fileEncoding = 4; lastKnownFileType = text.plist.xml; path = CommentPic.plist; sourceTree = "<group>"; };
		F0318A6D207F160D00825887 /* MyCenterFlow.plist */ = {isa = PBXFileReference; fileEncoding = 4; lastKnownFileType = text.plist.xml; path = MyCenterFlow.plist; sourceTree = "<group>"; };
		F0318A6E207F160D00825887 /* CommentData.plist */ = {isa = PBXFileReference; fileEncoding = 4; lastKnownFileType = text.plist.xml; path = CommentData.plist; sourceTree = "<group>"; };
		F0318A6F207F160D00825887 /* CommentBadData.plist */ = {isa = PBXFileReference; fileEncoding = 4; lastKnownFileType = text.plist.xml; path = CommentBadData.plist; sourceTree = "<group>"; };
		F0318A70207F160D00825887 /* DeliveryAdress.plist */ = {isa = PBXFileReference; fileEncoding = 4; lastKnownFileType = text.plist.xml; path = DeliveryAdress.plist; sourceTree = "<group>"; };
		F0318A71207F160D00825887 /* MessageNote.plist */ = {isa = PBXFileReference; fileEncoding = 4; lastKnownFileType = text.plist.xml; path = MessageNote.plist; sourceTree = "<group>"; };
		F0318A72207F160D00825887 /* MyServiceFlow.plist */ = {isa = PBXFileReference; fileEncoding = 4; lastKnownFileType = text.plist.xml; path = MyServiceFlow.plist; sourceTree = "<group>"; };
		F0318A74207F160D00825887 /* GoodsGrid.plist */ = {isa = PBXFileReference; fileEncoding = 4; lastKnownFileType = text.plist.xml; path = GoodsGrid.plist; sourceTree = "<group>"; };
		F0318A75207F160D00825887 /* HomeHighGoods.plist */ = {isa = PBXFileReference; fileEncoding = 4; lastKnownFileType = text.plist.xml; path = HomeHighGoods.plist; sourceTree = "<group>"; };
		F0318A76207F160D00825887 /* CountDownShop.plist */ = {isa = PBXFileReference; fileEncoding = 4; lastKnownFileType = text.plist.xml; path = CountDownShop.plist; sourceTree = "<group>"; };
		F0318A78207F160D00825887 /* RecommendShop.plist */ = {isa = PBXFileReference; fileEncoding = 4; lastKnownFileType = text.plist.xml; path = RecommendShop.plist; sourceTree = "<group>"; };
		F0318A95207F2C1100825887 /* GMCenterServiceCell.h */ = {isa = PBXFileReference; lastKnownFileType = sourcecode.c.h; path = GMCenterServiceCell.h; sourceTree = "<group>"; };
		F0318A96207F2C1100825887 /* GMCenterServiceCell.m */ = {isa = PBXFileReference; lastKnownFileType = sourcecode.c.objc; path = GMCenterServiceCell.m; sourceTree = "<group>"; };
		F0318A97207F2C1100825887 /* GMCenterServiceCell.xib */ = {isa = PBXFileReference; lastKnownFileType = file.xib; path = GMCenterServiceCell.xib; sourceTree = "<group>"; };
		F0318AA1207F351000825887 /* GMGoodsGridCell.h */ = {isa = PBXFileReference; lastKnownFileType = sourcecode.c.h; path = GMGoodsGridCell.h; sourceTree = "<group>"; };
		F0318AA2207F351000825887 /* GMGoodsGridCell.m */ = {isa = PBXFileReference; lastKnownFileType = sourcecode.c.objc; path = GMGoodsGridCell.m; sourceTree = "<group>"; };
		F0318AA4207F352B00825887 /* GMGoodsGridModel.h */ = {isa = PBXFileReference; lastKnownFileType = sourcecode.c.h; path = GMGoodsGridModel.h; sourceTree = "<group>"; };
		F0318AA5207F352B00825887 /* GMGoodsGridModel.m */ = {isa = PBXFileReference; lastKnownFileType = sourcecode.c.objc; path = GMGoodsGridModel.m; sourceTree = "<group>"; };
		F0318AA8207F48FD00825887 /* UIColor+GMColorChange.h */ = {isa = PBXFileReference; lastKnownFileType = sourcecode.c.h; path = "UIColor+GMColorChange.h"; sourceTree = "<group>"; };
		F0318AA9207F48FD00825887 /* UIColor+GMColorChange.m */ = {isa = PBXFileReference; lastKnownFileType = sourcecode.c.objc; path = "UIColor+GMColorChange.m"; sourceTree = "<group>"; };
		F0318AAB207F590700825887 /* GMCenterShopCell.h */ = {isa = PBXFileReference; lastKnownFileType = sourcecode.c.h; path = GMCenterShopCell.h; sourceTree = "<group>"; };
		F0318AAC207F590700825887 /* GMCenterShopCell.m */ = {isa = PBXFileReference; lastKnownFileType = sourcecode.c.objc; path = GMCenterShopCell.m; sourceTree = "<group>"; };
		F0318AAD207F590700825887 /* GMCenterShopCell.xib */ = {isa = PBXFileReference; lastKnownFileType = file.xib; path = GMCenterShopCell.xib; sourceTree = "<group>"; };
		F0318AB0207F5D2400825887 /* GMCenterBackCell.h */ = {isa = PBXFileReference; lastKnownFileType = sourcecode.c.h; path = GMCenterBackCell.h; sourceTree = "<group>"; };
		F0318AB1207F5D2400825887 /* GMCenterBackCell.m */ = {isa = PBXFileReference; lastKnownFileType = sourcecode.c.objc; path = GMCenterBackCell.m; sourceTree = "<group>"; };
		F0318AB2207F5D2400825887 /* GMCenterBackCell.xib */ = {isa = PBXFileReference; lastKnownFileType = file.xib; path = GMCenterBackCell.xib; sourceTree = "<group>"; };
		F078EFE7207AFFC5005F8B30 /* MacroDefine.h */ = {isa = PBXFileReference; fileEncoding = 4; lastKnownFileType = sourcecode.c.h; path = MacroDefine.h; sourceTree = "<group>"; };
		F078EFE8207AFFC5005F8B30 /* UIView+Extension.h */ = {isa = PBXFileReference; fileEncoding = 4; lastKnownFileType = sourcecode.c.h; path = "UIView+Extension.h"; sourceTree = "<group>"; };
		F078EFE9207AFFC6005F8B30 /* UIView+Extension.m */ = {isa = PBXFileReference; fileEncoding = 4; lastKnownFileType = sourcecode.c.objc; path = "UIView+Extension.m"; sourceTree = "<group>"; };
		F078EFEB207B0A05005F8B30 /* CommonUtil.h */ = {isa = PBXFileReference; lastKnownFileType = sourcecode.c.h; path = CommonUtil.h; sourceTree = "<group>"; };
		F078EFEC207B0A30005F8B30 /* PrefixHeader.pch */ = {isa = PBXFileReference; lastKnownFileType = sourcecode.c.h; path = PrefixHeader.pch; sourceTree = "<group>"; };
		F078EFED207B1077005F8B30 /* GMNavController.h */ = {isa = PBXFileReference; lastKnownFileType = sourcecode.c.h; path = GMNavController.h; sourceTree = "<group>"; };
		F078EFEE207B1077005F8B30 /* GMNavController.m */ = {isa = PBXFileReference; lastKnownFileType = sourcecode.c.objc; path = GMNavController.m; sourceTree = "<group>"; };
		F078EFF0207B1739005F8B30 /* GMTabController.h */ = {isa = PBXFileReference; lastKnownFileType = sourcecode.c.h; path = GMTabController.h; sourceTree = "<group>"; };
		F078EFF1207B1739005F8B30 /* GMTabController.m */ = {isa = PBXFileReference; lastKnownFileType = sourcecode.c.objc; path = GMTabController.m; sourceTree = "<group>"; };
		F078F006207B36AE005F8B30 /* GMBaseController.h */ = {isa = PBXFileReference; lastKnownFileType = sourcecode.c.h; path = GMBaseController.h; sourceTree = "<group>"; };
		F078F007207B36AE005F8B30 /* GMBaseController.m */ = {isa = PBXFileReference; lastKnownFileType = sourcecode.c.objc; path = GMBaseController.m; sourceTree = "<group>"; };
		F078F009207B3951005F8B30 /* GMMyCenterController.h */ = {isa = PBXFileReference; lastKnownFileType = sourcecode.c.h; path = GMMyCenterController.h; sourceTree = "<group>"; };
		F078F00A207B3951005F8B30 /* GMMyCenterController.m */ = {isa = PBXFileReference; lastKnownFileType = sourcecode.c.objc; path = GMMyCenterController.m; sourceTree = "<group>"; };
		F078F00C207B3997005F8B30 /* GMBeautyMessageController.h */ = {isa = PBXFileReference; lastKnownFileType = sourcecode.c.h; path = GMBeautyMessageController.h; sourceTree = "<group>"; };
		F078F00D207B3997005F8B30 /* GMBeautyMessageController.m */ = {isa = PBXFileReference; lastKnownFileType = sourcecode.c.objc; path = GMBeautyMessageController.m; sourceTree = "<group>"; };
		F078F00F207B3A44005F8B30 /* GMBeautyShopController.h */ = {isa = PBXFileReference; lastKnownFileType = sourcecode.c.h; path = GMBeautyShopController.h; sourceTree = "<group>"; };
		F078F010207B3A44005F8B30 /* GMBeautyShopController.m */ = {isa = PBXFileReference; lastKnownFileType = sourcecode.c.objc; path = GMBeautyShopController.m; sourceTree = "<group>"; };
		F078F012207B3A9C005F8B30 /* GMMediaListController.h */ = {isa = PBXFileReference; lastKnownFileType = sourcecode.c.h; path = GMMediaListController.h; sourceTree = "<group>"; };
		F078F013207B3A9C005F8B30 /* GMMediaListController.m */ = {isa = PBXFileReference; lastKnownFileType = sourcecode.c.objc; path = GMMediaListController.m; sourceTree = "<group>"; };
		F078F015207B3BE3005F8B30 /* GMHomeController.h */ = {isa = PBXFileReference; lastKnownFileType = sourcecode.c.h; path = GMHomeController.h; sourceTree = "<group>"; };
		F078F016207B3BE3005F8B30 /* GMHomeController.m */ = {isa = PBXFileReference; lastKnownFileType = sourcecode.c.objc; path = GMHomeController.m; sourceTree = "<group>"; };
		F078F01A207B4C77005F8B30 /* GMNewFeatureController.h */ = {isa = PBXFileReference; lastKnownFileType = sourcecode.c.h; path = GMNewFeatureController.h; sourceTree = "<group>"; };
		F078F01B207B4C77005F8B30 /* GMNewFeatureController.m */ = {isa = PBXFileReference; lastKnownFileType = sourcecode.c.objc; path = GMNewFeatureController.m; sourceTree = "<group>"; };
		F078F01D207B4CB7005F8B30 /* GMNewFeatureCell.h */ = {isa = PBXFileReference; lastKnownFileType = sourcecode.c.h; path = GMNewFeatureCell.h; sourceTree = "<group>"; };
		F078F01E207B4CB7005F8B30 /* GMNewFeatureCell.m */ = {isa = PBXFileReference; lastKnownFileType = sourcecode.c.objc; path = GMNewFeatureCell.m; sourceTree = "<group>"; };
		F078F021207B5A48005F8B30 /* GMAppVersion.h */ = {isa = PBXFileReference; lastKnownFileType = sourcecode.c.h; path = GMAppVersion.h; sourceTree = "<group>"; };
		F078F022207B5A48005F8B30 /* GMAppVersion.m */ = {isa = PBXFileReference; lastKnownFileType = sourcecode.c.objc; path = GMAppVersion.m; sourceTree = "<group>"; };
		F078F026207B67A4005F8B30 /* GMLoginController.h */ = {isa = PBXFileReference; lastKnownFileType = sourcecode.c.h; path = GMLoginController.h; sourceTree = "<group>"; };
		F078F027207B67A4005F8B30 /* GMLoginController.m */ = {isa = PBXFileReference; lastKnownFileType = sourcecode.c.objc; path = GMLoginController.m; sourceTree = "<group>"; };
		F078F028207B67A4005F8B30 /* GMLoginController.xib */ = {isa = PBXFileReference; lastKnownFileType = file.xib; path = GMLoginController.xib; sourceTree = "<group>"; };
		F078F02B207B6C62005F8B30 /* GMAccountPwdView.h */ = {isa = PBXFileReference; lastKnownFileType = sourcecode.c.h; path = GMAccountPwdView.h; sourceTree = "<group>"; };
		F078F02C207B6C62005F8B30 /* GMAccountPwdView.m */ = {isa = PBXFileReference; lastKnownFileType = sourcecode.c.objc; path = GMAccountPwdView.m; sourceTree = "<group>"; };
		F078F02E207B6C83005F8B30 /* GMAccountPwdView.xib */ = {isa = PBXFileReference; lastKnownFileType = file.xib; path = GMAccountPwdView.xib; sourceTree = "<group>"; };
		F078F030207B6CAD005F8B30 /* GMPhoneRegistView.h */ = {isa = PBXFileReference; lastKnownFileType = sourcecode.c.h; path = GMPhoneRegistView.h; sourceTree = "<group>"; };
		F078F031207B6CAD005F8B30 /* GMPhoneRegistView.m */ = {isa = PBXFileReference; lastKnownFileType = sourcecode.c.objc; path = GMPhoneRegistView.m; sourceTree = "<group>"; };
		F078F033207B6CB9005F8B30 /* GMPhoneRegistView.xib */ = {isa = PBXFileReference; lastKnownFileType = file.xib; path = GMPhoneRegistView.xib; sourceTree = "<group>"; };
		F0C0B87F207A0D5400379213 /* GuoMeiMall.app */ = {isa = PBXFileReference; explicitFileType = wrapper.application; includeInIndex = 0; path = GuoMeiMall.app; sourceTree = BUILT_PRODUCTS_DIR; };
		F0C0B882207A0D5400379213 /* AppDelegate.h */ = {isa = PBXFileReference; lastKnownFileType = sourcecode.c.h; path = AppDelegate.h; sourceTree = "<group>"; };
		F0C0B883207A0D5400379213 /* AppDelegate.m */ = {isa = PBXFileReference; lastKnownFileType = sourcecode.c.objc; path = AppDelegate.m; sourceTree = "<group>"; };
		F0C0B88B207A0D5400379213 /* Assets.xcassets */ = {isa = PBXFileReference; lastKnownFileType = folder.assetcatalog; path = Assets.xcassets; sourceTree = "<group>"; };
		F0C0B88E207A0D5400379213 /* Base */ = {isa = PBXFileReference; lastKnownFileType = file.storyboard; name = Base; path = Base.lproj/LaunchScreen.storyboard; sourceTree = "<group>"; };
		F0C0B890207A0D5400379213 /* Info.plist */ = {isa = PBXFileReference; lastKnownFileType = text.plist.xml; path = Info.plist; sourceTree = "<group>"; };
		F0C0B891207A0D5400379213 /* main.m */ = {isa = PBXFileReference; lastKnownFileType = sourcecode.c.objc; path = main.m; sourceTree = "<group>"; };
		F0C0B897207A0D5400379213 /* GuoMeiMallTests.xctest */ = {isa = PBXFileReference; explicitFileType = wrapper.cfbundle; includeInIndex = 0; path = GuoMeiMallTests.xctest; sourceTree = BUILT_PRODUCTS_DIR; };
		F0C0B89B207A0D5400379213 /* GuoMeiMallTests.m */ = {isa = PBXFileReference; lastKnownFileType = sourcecode.c.objc; path = GuoMeiMallTests.m; sourceTree = "<group>"; };
		F0C0B89D207A0D5400379213 /* Info.plist */ = {isa = PBXFileReference; lastKnownFileType = text.plist.xml; path = Info.plist; sourceTree = "<group>"; };
		F0C0B8A2207A0D5400379213 /* GuoMeiMallUITests.xctest */ = {isa = PBXFileReference; explicitFileType = wrapper.cfbundle; includeInIndex = 0; path = GuoMeiMallUITests.xctest; sourceTree = BUILT_PRODUCTS_DIR; };
		F0C0B8A6207A0D5400379213 /* GuoMeiMallUITests.m */ = {isa = PBXFileReference; lastKnownFileType = sourcecode.c.objc; path = GuoMeiMallUITests.m; sourceTree = "<group>"; };
		F0C0B8A8207A0D5400379213 /* Info.plist */ = {isa = PBXFileReference; lastKnownFileType = text.plist.xml; path = Info.plist; sourceTree = "<group>"; };
		F0C58918207C4F1500CE448F /* DCPlaceholderTextView.h */ = {isa = PBXFileReference; fileEncoding = 4; lastKnownFileType = sourcecode.c.h; path = DCPlaceholderTextView.h; sourceTree = "<group>"; };
		F0C58919207C4F1500CE448F /* DCSpeedy.m */ = {isa = PBXFileReference; fileEncoding = 4; lastKnownFileType = sourcecode.c.objc; path = DCSpeedy.m; sourceTree = "<group>"; };
		F0C5891B207C4F1500CE448F /* DCCheckRegular.m */ = {isa = PBXFileReference; fileEncoding = 4; lastKnownFileType = sourcecode.c.objc; path = DCCheckRegular.m; sourceTree = "<group>"; };
		F0C5891C207C4F1500CE448F /* DCObjManager.m */ = {isa = PBXFileReference; fileEncoding = 4; lastKnownFileType = sourcecode.c.objc; path = DCObjManager.m; sourceTree = "<group>"; };
		F0C5891D207C4F1500CE448F /* Foundation+Log.m */ = {isa = PBXFileReference; fileEncoding = 4; lastKnownFileType = sourcecode.c.objc; path = "Foundation+Log.m"; sourceTree = "<group>"; };
		F0C5891E207C4F1500CE448F /* DCPlaceholderTextView.m */ = {isa = PBXFileReference; fileEncoding = 4; lastKnownFileType = sourcecode.c.objc; path = DCPlaceholderTextView.m; sourceTree = "<group>"; };
		F0C58921207C4F1500CE448F /* DCSpeedy.h */ = {isa = PBXFileReference; fileEncoding = 4; lastKnownFileType = sourcecode.c.h; path = DCSpeedy.h; sourceTree = "<group>"; };
		F0C58922207C4F1500CE448F /* DCObjManager.h */ = {isa = PBXFileReference; fileEncoding = 4; lastKnownFileType = sourcecode.c.h; path = DCObjManager.h; sourceTree = "<group>"; };
		F0C58923207C4F1500CE448F /* DCCheckRegular.h */ = {isa = PBXFileReference; fileEncoding = 4; lastKnownFileType = sourcecode.c.h; path = DCCheckRegular.h; sourceTree = "<group>"; };
		F0C5892C207C679200CE448F /* GMConsts.h */ = {isa = PBXFileReference; lastKnownFileType = sourcecode.c.h; path = GMConsts.h; sourceTree = "<group>"; };
		F0C5892D207C679200CE448F /* GMConsts.m */ = {isa = PBXFileReference; lastKnownFileType = sourcecode.c.objc; path = GMConsts.m; sourceTree = "<group>"; };
		F0C5892F207C67AC00CE448F /* GMNotificationName.h */ = {isa = PBXFileReference; lastKnownFileType = sourcecode.c.h; path = GMNotificationName.h; sourceTree = "<group>"; };
		F0C58930207C67AC00CE448F /* GMNotificationName.m */ = {isa = PBXFileReference; lastKnownFileType = sourcecode.c.objc; path = GMNotificationName.m; sourceTree = "<group>"; };
		F0C58934207C691A00CE448F /* UIView+Toast.h */ = {isa = PBXFileReference; fileEncoding = 4; lastKnownFileType = sourcecode.c.h; path = "UIView+Toast.h"; sourceTree = "<group>"; };
		F0C58935207C691A00CE448F /* UIView+Toast.m */ = {isa = PBXFileReference; fileEncoding = 4; lastKnownFileType = sourcecode.c.objc; path = "UIView+Toast.m"; sourceTree = "<group>"; };
/* End PBXFileReference section */

/* Begin PBXFrameworksBuildPhase section */
		F0C0B87C207A0D5400379213 /* Frameworks */ = {
			isa = PBXFrameworksBuildPhase;
			buildActionMask = 2147483647;
			files = (
				1F0DFA835BCCC584E85ACA5D /* libPods-GuoMeiMall.a in Frameworks */,
			);
			runOnlyForDeploymentPostprocessing = 0;
		};
		F0C0B894207A0D5400379213 /* Frameworks */ = {
			isa = PBXFrameworksBuildPhase;
			buildActionMask = 2147483647;
			files = (
			);
			runOnlyForDeploymentPostprocessing = 0;
		};
		F0C0B89F207A0D5400379213 /* Frameworks */ = {
			isa = PBXFrameworksBuildPhase;
			buildActionMask = 2147483647;
			files = (
			);
			runOnlyForDeploymentPostprocessing = 0;
		};
/* End PBXFrameworksBuildPhase section */

/* Begin PBXGroup section */
		7E0D57C0C41F44BAFFAED9E1 /* Pods */ = {
			isa = PBXGroup;
			children = (
				B7B54A8E0B51C06CFB6A4B1D /* Pods-GuoMeiMall.debug.xcconfig */,
				2D8F9D0277B317D467E313DB /* Pods-GuoMeiMall.release.xcconfig */,
			);
			name = Pods;
			sourceTree = "<group>";
		};
		D863D75A2A63CFEA30225098 /* Frameworks */ = {
			isa = PBXGroup;
			children = (
				EFF614560F9288B6D83DBC78 /* libPods-GuoMeiMall.a */,
			);
			name = Frameworks;
			sourceTree = "<group>";
		};
		F0317726207DDE7E0064E4F2 /* CustormView */ = {
			isa = PBXGroup;
			children = (
				F0317731207DF3800064E4F2 /* GMMyCenterTopView.h */,
				F0317732207DF3800064E4F2 /* GMMyCenterTopView.m */,
				F031772C207DE6050064E4F2 /* GMMyCenterHeadView.h */,
				F031772D207DE6050064E4F2 /* GMMyCenterHeadView.m */,
				F031772F207DE6230064E4F2 /* GMMyCenterHeadView.xib */,
			);
			path = CustormView;
			sourceTree = "<group>";
		};
		F0317727207DDE7E0064E4F2 /* TabelViewCell */ = {
			isa = PBXGroup;
			children = (
				F0317728207DDE7E0064E4F2 /* MainCell */,
				F0317729207DDE7E0064E4F2 /* SubCell */,
			);
			path = TabelViewCell;
			sourceTree = "<group>";
		};
		F0317728207DDE7E0064E4F2 /* MainCell */ = {
			isa = PBXGroup;
			children = (
			);
			path = MainCell;
			sourceTree = "<group>";
		};
		F0317729207DDE7E0064E4F2 /* SubCell */ = {
			isa = PBXGroup;
			children = (
				F0317735207E11710064E4F2 /* FirstSection */,
				F0317734207E11710064E4F2 /* FourSection */,
				F0317737207E11710064E4F2 /* SecondSection */,
				F0317736207E11710064E4F2 /* ThirdSection */,
			);
			path = SubCell;
			sourceTree = "<group>";
		};
		F031772A207DDEB20064E4F2 /* SubController */ = {
			isa = PBXGroup;
			children = (
			);
			path = SubController;
			sourceTree = "<group>";
		};
		F031772B207DDEB20064E4F2 /* Main */ = {
			isa = PBXGroup;
			children = (
				F078F009207B3951005F8B30 /* GMMyCenterController.h */,
				F078F00A207B3951005F8B30 /* GMMyCenterController.m */,
			);
			path = Main;
			sourceTree = "<group>";
		};
		F0317734207E11710064E4F2 /* FourSection */ = {
			isa = PBXGroup;
			children = (
				F0318AB0207F5D2400825887 /* GMCenterBackCell.h */,
				F0318AB1207F5D2400825887 /* GMCenterBackCell.m */,
				F0318AB2207F5D2400825887 /* GMCenterBackCell.xib */,
			);
			path = FourSection;
			sourceTree = "<group>";
		};
		F0317735207E11710064E4F2 /* FirstSection */ = {
			isa = PBXGroup;
			children = (
				F0318A28207EFB8500825887 /* GMCenterItemCell.h */,
				F0318A29207EFB8500825887 /* GMCenterItemCell.m */,
				F0318A4E207F01E200825887 /* GMStateItemCell.h */,
				F0318A4F207F01E200825887 /* GMStateItemCell.m */,
				F0318A50207F01E200825887 /* GMStateItemCell.xib */,
			);
			path = FirstSection;
			sourceTree = "<group>";
		};
		F0317736207E11710064E4F2 /* ThirdSection */ = {
			isa = PBXGroup;
			children = (
				F0318AAB207F590700825887 /* GMCenterShopCell.h */,
				F0318AAC207F590700825887 /* GMCenterShopCell.m */,
				F0318AAD207F590700825887 /* GMCenterShopCell.xib */,
			);
			path = ThirdSection;
			sourceTree = "<group>";
		};
		F0317737207E11710064E4F2 /* SecondSection */ = {
			isa = PBXGroup;
			children = (
				F0318A95207F2C1100825887 /* GMCenterServiceCell.h */,
				F0318A96207F2C1100825887 /* GMCenterServiceCell.m */,
				F0318A97207F2C1100825887 /* GMCenterServiceCell.xib */,
			);
			path = SecondSection;
			sourceTree = "<group>";
		};
		F0318A21207EF1E900825887 /* customBtn */ = {
			isa = PBXGroup;
			children = (
				F0318A22207EF22B00825887 /* GMMyCenterBtn.h */,
				F0318A23207EF22B00825887 /* GMMyCenterBtn.m */,
				F0318A25207EF3A900825887 /* GMShareBtn.h */,
				F0318A26207EF3A900825887 /* GMShareBtn.m */,
			);
			path = customBtn;
			sourceTree = "<group>";
		};
		F0318A56207F160D00825887 /* GIF */ = {
			isa = PBXGroup;
			children = (
				F0318A57207F160D00825887 /* loading.gif */,
				F0318A58207F160D00825887 /* loading2.gif */,
				F0318A59207F160D00825887 /* T1cdxgB5_T1RCvBVdK.gif */,
				F0318A5A207F160D00825887 /* moveupAndDown@2x.gif */,
			);
			path = GIF;
			sourceTree = "<group>";
		};
		F0318A5B207F160D00825887 /* Plist */ = {
			isa = PBXGroup;
			children = (
				F0318A5C207F160D00825887 /* 分类Plist */,
				F0318A67207F160D00825887 /* 美店 */,
				F0318A6A207F160D00825887 /* 我的Plist */,
				F0318A73207F160D00825887 /* 首页Plist */,
				F0318A77207F160D00825887 /* 购物车Plist */,
			);
			path = Plist;
			sourceTree = "<group>";
		};
		F0318A5C207F160D00825887 /* 分类Plist */ = {
			isa = PBXGroup;
			children = (
				F0318A5D207F160D00825887 /* shareTerrace.plist */,
				F0318A5E207F160D00825887 /* ClassifyTitles.plist */,
				F0318A5F207F160D00825887 /* DetailRecommend.plist */,
				F0318A60207F160D00825887 /* ClassiftyGoods03.plist */,
				F0318A61207F160D00825887 /* ClasiftyGoods.plist */,
				F0318A62207F160D00825887 /* ClassiftyGoods01.plist */,
				F0318A63207F160D00825887 /* ClassiftyGoods02.plist */,
				F0318A64207F160D00825887 /* FootprintGoods.plist */,
				F0318A65207F160D00825887 /* ShopItem.plist */,
				F0318A66207F160D00825887 /* FiltrateItem.plist */,
			);
			path = "分类Plist";
			sourceTree = "<group>";
		};
		F0318A67207F160D00825887 /* 美店 */ = {
			isa = PBXGroup;
			children = (
				F0318A68207F160D00825887 /* BeautyShop.plist */,
				F0318A69207F160D00825887 /* BeautyRecommendShop.plist */,
			);
			path = "美店";
			sourceTree = "<group>";
		};
		F0318A6A207F160D00825887 /* 我的Plist */ = {
			isa = PBXGroup;
			children = (
				F0318A6B207F160D00825887 /* YouLikeGoods.plist */,
				F0318A6C207F160D00825887 /* CommentPic.plist */,
				F0318A6D207F160D00825887 /* MyCenterFlow.plist */,
				F0318A6E207F160D00825887 /* CommentData.plist */,
				F0318A6F207F160D00825887 /* CommentBadData.plist */,
				F0318A70207F160D00825887 /* DeliveryAdress.plist */,
				F0318A71207F160D00825887 /* MessageNote.plist */,
				F0318A72207F160D00825887 /* MyServiceFlow.plist */,
			);
			path = "我的Plist";
			sourceTree = "<group>";
		};
		F0318A73207F160D00825887 /* 首页Plist */ = {
			isa = PBXGroup;
			children = (
				F0318A74207F160D00825887 /* GoodsGrid.plist */,
				F0318A75207F160D00825887 /* HomeHighGoods.plist */,
				F0318A76207F160D00825887 /* CountDownShop.plist */,
			);
			path = "首页Plist";
			sourceTree = "<group>";
		};
		F0318A77207F160D00825887 /* 购物车Plist */ = {
			isa = PBXGroup;
			children = (
				F0318A78207F160D00825887 /* RecommendShop.plist */,
			);
			path = "购物车Plist";
			sourceTree = "<group>";
		};
		F0318A9D207F348000825887 /* CollectionView */ = {
			isa = PBXGroup;
			children = (
				F0318A9F207F34B000825887 /* Cell */,
				F0318AA0207F34B000825887 /* Footer */,
				F0318A9E207F34B000825887 /* Header */,
			);
			path = CollectionView;
			sourceTree = "<group>";
		};
		F0318A9E207F34B000825887 /* Header */ = {
			isa = PBXGroup;
			children = (
			);
			path = Header;
			sourceTree = "<group>";
		};
		F0318A9F207F34B000825887 /* Cell */ = {
			isa = PBXGroup;
			children = (
				F0318AA1207F351000825887 /* GMGoodsGridCell.h */,
				F0318AA2207F351000825887 /* GMGoodsGridCell.m */,
			);
			path = Cell;
			sourceTree = "<group>";
		};
		F0318AA0207F34B000825887 /* Footer */ = {
			isa = PBXGroup;
			children = (
			);
			path = Footer;
			sourceTree = "<group>";
		};
		F0318AA7207F48CA00825887 /* Category(分类) */ = {
			isa = PBXGroup;
			children = (
				F078EFE8207AFFC5005F8B30 /* UIView+Extension.h */,
				F078EFE9207AFFC6005F8B30 /* UIView+Extension.m */,
				F0318AA8207F48FD00825887 /* UIColor+GMColorChange.h */,
				F0318AA9207F48FD00825887 /* UIColor+GMColorChange.m */,
			);
			path = "Category(分类)";
			sourceTree = "<group>";
		};
		F078EFE6207AFFA3005F8B30 /* Other */ = {
			isa = PBXGroup;
			children = (
				F078EFE7207AFFC5005F8B30 /* MacroDefine.h */,
				F078EFEB207B0A05005F8B30 /* CommonUtil.h */,
			);
			name = Other;
			path = GuoMeiMall/Classes/Other;
			sourceTree = SOURCE_ROOT;
		};
		F078EFF3207B34F3005F8B30 /* Controller */ = {
			isa = PBXGroup;
			children = (
				F078F00F207B3A44005F8B30 /* GMBeautyShopController.h */,
				F078F010207B3A44005F8B30 /* GMBeautyShopController.m */,
			);
			path = Controller;
			sourceTree = "<group>";
		};
		F078EFF4207B34F3005F8B30 /* View */ = {
			isa = PBXGroup;
			children = (
			);
			path = View;
			sourceTree = "<group>";
		};
		F078EFF5207B34F3005F8B30 /* Model */ = {
			isa = PBXGroup;
			children = (
			);
			path = Model;
			sourceTree = "<group>";
		};
		F078EFF6207B3580005F8B30 /* MyCenter(个人中心) */ = {
			isa = PBXGroup;
			children = (
				F090F8E6207DAFB900546EB6 /* Setting */,
				F090F8E5207DAFA800546EB6 /* Main */,
			);
			name = "MyCenter(个人中心)";
			path = "GuoMeiMall/Classes/MyCenter(个人中心)";
			sourceTree = SOURCE_ROOT;
		};
		F078EFF7207B3580005F8B30 /* Controller */ = {
			isa = PBXGroup;
			children = (
				F031772B207DDEB20064E4F2 /* Main */,
				F031772A207DDEB20064E4F2 /* SubController */,
			);
			path = Controller;
			sourceTree = "<group>";
		};
		F078EFF8207B3580005F8B30 /* Model */ = {
			isa = PBXGroup;
			children = (
				F0318A53207F030F00825887 /* GMStateItem.h */,
				F0318A54207F030F00825887 /* GMStateItem.m */,
			);
			path = Model;
			sourceTree = "<group>";
		};
		F078EFF9207B3580005F8B30 /* View */ = {
			isa = PBXGroup;
			children = (
				F0317726207DDE7E0064E4F2 /* CustormView */,
				F0317727207DDE7E0064E4F2 /* TabelViewCell */,
			);
			path = View;
			sourceTree = "<group>";
		};
		F078EFFA207B358F005F8B30 /* Model */ = {
			isa = PBXGroup;
			children = (
			);
			path = Model;
			sourceTree = "<group>";
		};
		F078EFFB207B358F005F8B30 /* View */ = {
			isa = PBXGroup;
			children = (
			);
			path = View;
			sourceTree = "<group>";
		};
		F078EFFC207B358F005F8B30 /* Controller */ = {
			isa = PBXGroup;
			children = (
				F078F00C207B3997005F8B30 /* GMBeautyMessageController.h */,
				F078F00D207B3997005F8B30 /* GMBeautyMessageController.m */,
			);
			path = Controller;
			sourceTree = "<group>";
		};
		F078EFFD207B359A005F8B30 /* Controller */ = {
			isa = PBXGroup;
			children = (
			);
			path = Controller;
			sourceTree = "<group>";
		};
		F078EFFE207B359A005F8B30 /* View */ = {
			isa = PBXGroup;
			children = (
			);
			path = View;
			sourceTree = "<group>";
		};
		F078EFFF207B359A005F8B30 /* Model */ = {
			isa = PBXGroup;
			children = (
			);
			path = Model;
			sourceTree = "<group>";
		};
		F078F000207B35A3005F8B30 /* Controller */ = {
			isa = PBXGroup;
			children = (
				F078F015207B3BE3005F8B30 /* GMHomeController.h */,
				F078F016207B3BE3005F8B30 /* GMHomeController.m */,
			);
			path = Controller;
			sourceTree = "<group>";
		};
		F078F001207B35A3005F8B30 /* Model */ = {
			isa = PBXGroup;
			children = (
				F0318AA4207F352B00825887 /* GMGoodsGridModel.h */,
				F0318AA5207F352B00825887 /* GMGoodsGridModel.m */,
			);
			path = Model;
			sourceTree = "<group>";
		};
		F078F002207B35A3005F8B30 /* View */ = {
			isa = PBXGroup;
			children = (
				F0318A9D207F348000825887 /* CollectionView */,
			);
			path = View;
			sourceTree = "<group>";
		};
		F078F003207B35BB005F8B30 /* View */ = {
			isa = PBXGroup;
			children = (
			);
			path = View;
			sourceTree = "<group>";
		};
		F078F004207B35BB005F8B30 /* Controller */ = {
			isa = PBXGroup;
			children = (
				F078F012207B3A9C005F8B30 /* GMMediaListController.h */,
				F078F013207B3A9C005F8B30 /* GMMediaListController.m */,
			);
			path = Controller;
			sourceTree = "<group>";
		};
		F078F005207B35BB005F8B30 /* Model */ = {
			isa = PBXGroup;
			children = (
			);
			path = Model;
			sourceTree = "<group>";
		};
		F078F018207B4C50005F8B30 /* View */ = {
			isa = PBXGroup;
			children = (
				F078F01D207B4CB7005F8B30 /* GMNewFeatureCell.h */,
				F078F01E207B4CB7005F8B30 /* GMNewFeatureCell.m */,
			);
			path = View;
			sourceTree = "<group>";
		};
		F078F019207B4C50005F8B30 /* Controller */ = {
			isa = PBXGroup;
			children = (
				F078F01A207B4C77005F8B30 /* GMNewFeatureController.h */,
				F078F01B207B4C77005F8B30 /* GMNewFeatureController.m */,
			);
			path = Controller;
			sourceTree = "<group>";
		};
		F078F020207B5A23005F8B30 /* APPVersion */ = {
			isa = PBXGroup;
			children = (
				F078F021207B5A48005F8B30 /* GMAppVersion.h */,
				F078F022207B5A48005F8B30 /* GMAppVersion.m */,
			);
			path = APPVersion;
			sourceTree = "<group>";
		};
		F078F024207B64D4005F8B30 /* View */ = {
			isa = PBXGroup;
			children = (
				F078F02B207B6C62005F8B30 /* GMAccountPwdView.h */,
				F078F02C207B6C62005F8B30 /* GMAccountPwdView.m */,
				F078F02E207B6C83005F8B30 /* GMAccountPwdView.xib */,
				F078F030207B6CAD005F8B30 /* GMPhoneRegistView.h */,
				F078F031207B6CAD005F8B30 /* GMPhoneRegistView.m */,
				F078F033207B6CB9005F8B30 /* GMPhoneRegistView.xib */,
			);
			path = View;
			sourceTree = "<group>";
		};
		F078F025207B64D4005F8B30 /* Controller */ = {
			isa = PBXGroup;
			children = (
				F078F026207B67A4005F8B30 /* GMLoginController.h */,
				F078F027207B67A4005F8B30 /* GMLoginController.m */,
				F078F028207B67A4005F8B30 /* GMLoginController.xib */,
			);
			path = Controller;
			sourceTree = "<group>";
		};
		F090F8E5207DAFA800546EB6 /* Main */ = {
			isa = PBXGroup;
			children = (
				F078EFF7207B3580005F8B30 /* Controller */,
				F078EFF8207B3580005F8B30 /* Model */,
				F078EFF9207B3580005F8B30 /* View */,
			);
			path = Main;
			sourceTree = "<group>";
		};
		F090F8E6207DAFB900546EB6 /* Setting */ = {
			isa = PBXGroup;
			children = (
			);
			path = Setting;
			sourceTree = "<group>";
		};
		F0C0B876207A0D5400379213 = {
			isa = PBXGroup;
			children = (
				F0C0B881207A0D5400379213 /* GuoMeiMall */,
				F0C0B89A207A0D5400379213 /* GuoMeiMallTests */,
				F0C0B8A5207A0D5400379213 /* GuoMeiMallUITests */,
				F0C0B880207A0D5400379213 /* Products */,
				7E0D57C0C41F44BAFFAED9E1 /* Pods */,
				D863D75A2A63CFEA30225098 /* Frameworks */,
			);
			sourceTree = "<group>";
		};
		F0C0B880207A0D5400379213 /* Products */ = {
			isa = PBXGroup;
			children = (
				F0C0B87F207A0D5400379213 /* GuoMeiMall.app */,
				F0C0B897207A0D5400379213 /* GuoMeiMallTests.xctest */,
				F0C0B8A2207A0D5400379213 /* GuoMeiMallUITests.xctest */,
			);
			name = Products;
			sourceTree = "<group>";
		};
		F0C0B881207A0D5400379213 /* GuoMeiMall */ = {
			isa = PBXGroup;
			children = (
				F0C0B8B4207A0D7300379213 /* Classes */,
				F0C0B88B207A0D5400379213 /* Assets.xcassets */,
				F0C0B88D207A0D5400379213 /* LaunchScreen.storyboard */,
				F0C0B890207A0D5400379213 /* Info.plist */,
				F0C0B891207A0D5400379213 /* main.m */,
				F078EFEC207B0A30005F8B30 /* PrefixHeader.pch */,
			);
			path = GuoMeiMall;
			sourceTree = "<group>";
		};
		F0C0B89A207A0D5400379213 /* GuoMeiMallTests */ = {
			isa = PBXGroup;
			children = (
				F0C0B89B207A0D5400379213 /* GuoMeiMallTests.m */,
				F0C0B89D207A0D5400379213 /* Info.plist */,
			);
			path = GuoMeiMallTests;
			sourceTree = "<group>";
		};
		F0C0B8A5207A0D5400379213 /* GuoMeiMallUITests */ = {
			isa = PBXGroup;
			children = (
				F0C0B8A6207A0D5400379213 /* GuoMeiMallUITests.m */,
				F0C0B8A8207A0D5400379213 /* Info.plist */,
			);
			path = GuoMeiMallUITests;
			sourceTree = "<group>";
		};
		F0C0B8B4207A0D7300379213 /* Classes */ = {
			isa = PBXGroup;
			children = (
				F078EFF6207B3580005F8B30 /* MyCenter(个人中心) */,
				F078EFE6207AFFA3005F8B30 /* Other */,
				F0C0B8B6207A139400379213 /* BeautyMessage(美信) */,
				F0C0B8BA207A139400379213 /* BeautyShop(美店) */,
				F0C0B8B9207A139400379213 /* Classify(分类) */,
				F0C0B8BD207A139400379213 /* Details(商品详情) */,
				F0C0B8BC207A139400379213 /* Expand(扩展) */,
				F0C0B8B7207A139400379213 /* Home(首页) */,
				F0C0B8C0207A139500379213 /* Login(登录) */,
				F0C0B8B8207A139400379213 /* Main */,
				F0C0B8BB207A139400379213 /* MdeiaList(美媒榜) */,
				F0C0B8BE207A139400379213 /* NewFeature(新特性) */,
				F0C0B8BF207A139500379213 /* Resource */,
				F0C0B8C1207A139500379213 /* ShoppingCar(购物车) */,
				F0C0B8B5207A0E5F00379213 /* Appdelegate */,
			);
			path = Classes;
			sourceTree = SOURCE_ROOT;
		};
		F0C0B8B5207A0E5F00379213 /* Appdelegate */ = {
			isa = PBXGroup;
			children = (
				F0C0B882207A0D5400379213 /* AppDelegate.h */,
				F0C0B883207A0D5400379213 /* AppDelegate.m */,
			);
			name = Appdelegate;
			path = GuoMeiMall/Classes/Appdelegate;
			sourceTree = SOURCE_ROOT;
		};
		F0C0B8B6207A139400379213 /* BeautyMessage(美信) */ = {
			isa = PBXGroup;
			children = (
				F078EFFC207B358F005F8B30 /* Controller */,
				F078EFFA207B358F005F8B30 /* Model */,
				F078EFFB207B358F005F8B30 /* View */,
			);
			name = "BeautyMessage(美信)";
			path = "GuoMeiMall/Classes/BeautyMessage(美信)";
			sourceTree = SOURCE_ROOT;
		};
		F0C0B8B7207A139400379213 /* Home(首页) */ = {
			isa = PBXGroup;
			children = (
				F078F000207B35A3005F8B30 /* Controller */,
				F078F001207B35A3005F8B30 /* Model */,
				F078F002207B35A3005F8B30 /* View */,
			);
			name = "Home(首页)";
			path = "GuoMeiMall/Classes/Home(首页)";
			sourceTree = SOURCE_ROOT;
		};
		F0C0B8B8207A139400379213 /* Main */ = {
			isa = PBXGroup;
			children = (
				F078F020207B5A23005F8B30 /* APPVersion */,
				F078EFED207B1077005F8B30 /* GMNavController.h */,
				F078EFEE207B1077005F8B30 /* GMNavController.m */,
				F078EFF0207B1739005F8B30 /* GMTabController.h */,
				F078EFF1207B1739005F8B30 /* GMTabController.m */,
				F078F006207B36AE005F8B30 /* GMBaseController.h */,
				F078F007207B36AE005F8B30 /* GMBaseController.m */,
			);
			name = Main;
			path = GuoMeiMall/Classes/Main;
			sourceTree = SOURCE_ROOT;
		};
		F0C0B8B9207A139400379213 /* Classify(分类) */ = {
			isa = PBXGroup;
			children = (
			);
			name = "Classify(分类)";
			path = "GuoMeiMall/Classes/Classify(分类)";
			sourceTree = SOURCE_ROOT;
		};
		F0C0B8BA207A139400379213 /* BeautyShop(美店) */ = {
			isa = PBXGroup;
			children = (
				F078EFF3207B34F3005F8B30 /* Controller */,
				F078EFF5207B34F3005F8B30 /* Model */,
				F078EFF4207B34F3005F8B30 /* View */,
			);
			name = "BeautyShop(美店)";
			path = "GuoMeiMall/Classes/BeautyShop(美店)";
			sourceTree = SOURCE_ROOT;
		};
		F0C0B8BB207A139400379213 /* MdeiaList(美媒榜) */ = {
			isa = PBXGroup;
			children = (
				F078F004207B35BB005F8B30 /* Controller */,
				F078F005207B35BB005F8B30 /* Model */,
				F078F003207B35BB005F8B30 /* View */,
			);
			name = "MdeiaList(美媒榜)";
			path = "GuoMeiMall/Classes/MdeiaList(美媒榜)";
			sourceTree = SOURCE_ROOT;
		};
		F0C0B8BC207A139400379213 /* Expand(扩展) */ = {
			isa = PBXGroup;
			children = (
				F0318AA7207F48CA00825887 /* Category(分类) */,
				F0318A21207EF1E900825887 /* customBtn */,
				F0C58932207C690300CE448F /* Vendors(第三方) */,
				F0C5892B207C676000CE448F /* Const(常量) */,
				F0C58916207C4F1500CE448F /* Tools(工具) */,
			);
			name = "Expand(扩展)";
			path = "GuoMeiMall/Classes/Expand(扩展)";
			sourceTree = SOURCE_ROOT;
		};
		F0C0B8BD207A139400379213 /* Details(商品详情) */ = {
			isa = PBXGroup;
			children = (
				F078EFFD207B359A005F8B30 /* Controller */,
				F078EFFF207B359A005F8B30 /* Model */,
				F078EFFE207B359A005F8B30 /* View */,
			);
			name = "Details(商品详情)";
			path = "GuoMeiMall/Classes/Details(商品详情)";
			sourceTree = SOURCE_ROOT;
		};
		F0C0B8BE207A139400379213 /* NewFeature(新特性) */ = {
			isa = PBXGroup;
			children = (
				F078F019207B4C50005F8B30 /* Controller */,
				F078F018207B4C50005F8B30 /* View */,
			);
			name = "NewFeature(新特性)";
			path = "GuoMeiMall/Classes/NewFeature(新特性)";
			sourceTree = SOURCE_ROOT;
		};
		F0C0B8BF207A139500379213 /* Resource */ = {
			isa = PBXGroup;
			children = (
				F0318A56207F160D00825887 /* GIF */,
				F0318A5B207F160D00825887 /* Plist */,
			);
			name = Resource;
			path = GuoMeiMall/Classes/Resource;
			sourceTree = SOURCE_ROOT;
		};
		F0C0B8C0207A139500379213 /* Login(登录) */ = {
			isa = PBXGroup;
			children = (
				F078F025207B64D4005F8B30 /* Controller */,
				F078F024207B64D4005F8B30 /* View */,
			);
			name = "Login(登录)";
			path = "GuoMeiMall/Classes/Login(登录)";
			sourceTree = SOURCE_ROOT;
		};
		F0C0B8C1207A139500379213 /* ShoppingCar(购物车) */ = {
			isa = PBXGroup;
			children = (
			);
			name = "ShoppingCar(购物车)";
			path = "GuoMeiMall/Classes/ShoppingCar(购物车)";
			sourceTree = SOURCE_ROOT;
		};
		F0C58916207C4F1500CE448F /* Tools(工具) */ = {
			isa = PBXGroup;
			children = (
				F0C58918207C4F1500CE448F /* DCPlaceholderTextView.h */,
				F0C5891E207C4F1500CE448F /* DCPlaceholderTextView.m */,
				F0C58921207C4F1500CE448F /* DCSpeedy.h */,
				F0C58919207C4F1500CE448F /* DCSpeedy.m */,
				F0C58923207C4F1500CE448F /* DCCheckRegular.h */,
				F0C5891B207C4F1500CE448F /* DCCheckRegular.m */,
				F0C58922207C4F1500CE448F /* DCObjManager.h */,
				F0C5891C207C4F1500CE448F /* DCObjManager.m */,
				F0C5891D207C4F1500CE448F /* Foundation+Log.m */,
			);
			path = "Tools(工具)";
			sourceTree = "<group>";
		};
		F0C5892B207C676000CE448F /* Const(常量) */ = {
			isa = PBXGroup;
			children = (
				F0C5892C207C679200CE448F /* GMConsts.h */,
				F0C5892D207C679200CE448F /* GMConsts.m */,
				F0C5892F207C67AC00CE448F /* GMNotificationName.h */,
				F0C58930207C67AC00CE448F /* GMNotificationName.m */,
			);
			path = "Const(常量)";
			sourceTree = "<group>";
		};
		F0C58932207C690300CE448F /* Vendors(第三方) */ = {
			isa = PBXGroup;
			children = (
				F0C58933207C691A00CE448F /* ToastView */,
			);
			path = "Vendors(第三方)";
			sourceTree = "<group>";
		};
		F0C58933207C691A00CE448F /* ToastView */ = {
			isa = PBXGroup;
			children = (
				F0C58934207C691A00CE448F /* UIView+Toast.h */,
				F0C58935207C691A00CE448F /* UIView+Toast.m */,
			);
			path = ToastView;
			sourceTree = "<group>";
		};
/* End PBXGroup section */

/* Begin PBXNativeTarget section */
		F0C0B87E207A0D5400379213 /* GuoMeiMall */ = {
			isa = PBXNativeTarget;
			buildConfigurationList = F0C0B8AB207A0D5400379213 /* Build configuration list for PBXNativeTarget "GuoMeiMall" */;
			buildPhases = (
				1F5AEBB9AE868F1A5794BB90 /* [CP] Check Pods Manifest.lock */,
				F0C0B87B207A0D5400379213 /* Sources */,
				F0C0B87C207A0D5400379213 /* Frameworks */,
				F0C0B87D207A0D5400379213 /* Resources */,
				F452C3BF906933A3B1C7D782 /* [CP] Embed Pods Frameworks */,
				DF61552B36BD3FFE0A8FAFE2 /* [CP] Copy Pods Resources */,
			);
			buildRules = (
			);
			dependencies = (
			);
			name = GuoMeiMall;
			productName = GuoMeiMall;
			productReference = F0C0B87F207A0D5400379213 /* GuoMeiMall.app */;
			productType = "com.apple.product-type.application";
		};
		F0C0B896207A0D5400379213 /* GuoMeiMallTests */ = {
			isa = PBXNativeTarget;
			buildConfigurationList = F0C0B8AE207A0D5400379213 /* Build configuration list for PBXNativeTarget "GuoMeiMallTests" */;
			buildPhases = (
				F0C0B893207A0D5400379213 /* Sources */,
				F0C0B894207A0D5400379213 /* Frameworks */,
				F0C0B895207A0D5400379213 /* Resources */,
			);
			buildRules = (
			);
			dependencies = (
				F0C0B899207A0D5400379213 /* PBXTargetDependency */,
			);
			name = GuoMeiMallTests;
			productName = GuoMeiMallTests;
			productReference = F0C0B897207A0D5400379213 /* GuoMeiMallTests.xctest */;
			productType = "com.apple.product-type.bundle.unit-test";
		};
		F0C0B8A1207A0D5400379213 /* GuoMeiMallUITests */ = {
			isa = PBXNativeTarget;
			buildConfigurationList = F0C0B8B1207A0D5400379213 /* Build configuration list for PBXNativeTarget "GuoMeiMallUITests" */;
			buildPhases = (
				F0C0B89E207A0D5400379213 /* Sources */,
				F0C0B89F207A0D5400379213 /* Frameworks */,
				F0C0B8A0207A0D5400379213 /* Resources */,
			);
			buildRules = (
			);
			dependencies = (
				F0C0B8A4207A0D5400379213 /* PBXTargetDependency */,
			);
			name = GuoMeiMallUITests;
			productName = GuoMeiMallUITests;
			productReference = F0C0B8A2207A0D5400379213 /* GuoMeiMallUITests.xctest */;
			productType = "com.apple.product-type.bundle.ui-testing";
		};
/* End PBXNativeTarget section */

/* Begin PBXProject section */
		F0C0B877207A0D5400379213 /* Project object */ = {
			isa = PBXProject;
			attributes = {
				CLASSPREFIX = GM;
				LastUpgradeCheck = 0910;
				ORGANIZATIONNAME = hjun;
				TargetAttributes = {
					F0C0B87E207A0D5400379213 = {
						CreatedOnToolsVersion = 9.1;
						ProvisioningStyle = Automatic;
					};
					F0C0B896207A0D5400379213 = {
						CreatedOnToolsVersion = 9.1;
						ProvisioningStyle = Automatic;
						TestTargetID = F0C0B87E207A0D5400379213;
					};
					F0C0B8A1207A0D5400379213 = {
						CreatedOnToolsVersion = 9.1;
						ProvisioningStyle = Automatic;
						TestTargetID = F0C0B87E207A0D5400379213;
					};
				};
			};
			buildConfigurationList = F0C0B87A207A0D5400379213 /* Build configuration list for PBXProject "GuoMeiMall" */;
			compatibilityVersion = "Xcode 8.0";
			developmentRegion = en;
			hasScannedForEncodings = 0;
			knownRegions = (
				en,
				Base,
			);
			mainGroup = F0C0B876207A0D5400379213;
			productRefGroup = F0C0B880207A0D5400379213 /* Products */;
			projectDirPath = "";
			projectRoot = "";
			targets = (
				F0C0B87E207A0D5400379213 /* GuoMeiMall */,
				F0C0B896207A0D5400379213 /* GuoMeiMallTests */,
				F0C0B8A1207A0D5400379213 /* GuoMeiMallUITests */,
			);
		};
/* End PBXProject section */

/* Begin PBXResourcesBuildPhase section */
		F0C0B87D207A0D5400379213 /* Resources */ = {
			isa = PBXResourcesBuildPhase;
			buildActionMask = 2147483647;
			files = (
				F078F02F207B6C83005F8B30 /* GMAccountPwdView.xib in Resources */,
				F0318A80207F160D00825887 /* ClassiftyGoods03.plist in Resources */,
				F0318A92207F160D00825887 /* HomeHighGoods.plist in Resources */,
				F0318A8E207F160D00825887 /* DeliveryAdress.plist in Resources */,
				F0318A82207F160D00825887 /* ClassiftyGoods01.plist in Resources */,
				F0318A7A207F160D00825887 /* loading2.gif in Resources */,
				F0318A8A207F160D00825887 /* CommentPic.plist in Resources */,
				F0318A8F207F160D00825887 /* MessageNote.plist in Resources */,
				F078F034207B6CB9005F8B30 /* GMPhoneRegistView.xib in Resources */,
				F0318AB4207F5D2400825887 /* GMCenterBackCell.xib in Resources */,
				F0318A52207F01E200825887 /* GMStateItemCell.xib in Resources */,
				F0318A99207F2C1100825887 /* GMCenterServiceCell.xib in Resources */,
				F0318A8C207F160D00825887 /* CommentData.plist in Resources */,
				F0318A90207F160D00825887 /* MyServiceFlow.plist in Resources */,
				F0318A91207F160D00825887 /* GoodsGrid.plist in Resources */,
				F0318A88207F160D00825887 /* BeautyRecommendShop.plist in Resources */,
				F0318A87207F160D00825887 /* BeautyShop.plist in Resources */,
				F0C0B88F207A0D5400379213 /* LaunchScreen.storyboard in Resources */,
				F0318A84207F160D00825887 /* FootprintGoods.plist in Resources */,
				F0318AAF207F590700825887 /* GMCenterShopCell.xib in Resources */,
				F078F02A207B67A4005F8B30 /* GMLoginController.xib in Resources */,
				F0318A7E207F160D00825887 /* ClassifyTitles.plist in Resources */,
				F0318A8D207F160D00825887 /* CommentBadData.plist in Resources */,
				F0318A81207F160D00825887 /* ClasiftyGoods.plist in Resources */,
				F0318A7C207F160D00825887 /* moveupAndDown@2x.gif in Resources */,
				F0318A7B207F160D00825887 /* T1cdxgB5_T1RCvBVdK.gif in Resources */,
				F0318A79207F160D00825887 /* loading.gif in Resources */,
				F0318A7D207F160D00825887 /* shareTerrace.plist in Resources */,
				F0318A83207F160D00825887 /* ClassiftyGoods02.plist in Resources */,
				F0318A93207F160D00825887 /* CountDownShop.plist in Resources */,
				F0318A8B207F160D00825887 /* MyCenterFlow.plist in Resources */,
				F0318A89207F160D00825887 /* YouLikeGoods.plist in Resources */,
				F0C0B88C207A0D5400379213 /* Assets.xcassets in Resources */,
				F0318A86207F160D00825887 /* FiltrateItem.plist in Resources */,
				F0318A85207F160D00825887 /* ShopItem.plist in Resources */,
				F0318A7F207F160D00825887 /* DetailRecommend.plist in Resources */,
				F0318A94207F160D00825887 /* RecommendShop.plist in Resources */,
				F0317730207DE6230064E4F2 /* GMMyCenterHeadView.xib in Resources */,
			);
			runOnlyForDeploymentPostprocessing = 0;
		};
		F0C0B895207A0D5400379213 /* Resources */ = {
			isa = PBXResourcesBuildPhase;
			buildActionMask = 2147483647;
			files = (
			);
			runOnlyForDeploymentPostprocessing = 0;
		};
		F0C0B8A0207A0D5400379213 /* Resources */ = {
			isa = PBXResourcesBuildPhase;
			buildActionMask = 2147483647;
			files = (
			);
			runOnlyForDeploymentPostprocessing = 0;
		};
/* End PBXResourcesBuildPhase section */

/* Begin PBXShellScriptBuildPhase section */
		1F5AEBB9AE868F1A5794BB90 /* [CP] Check Pods Manifest.lock */ = {
			isa = PBXShellScriptBuildPhase;
			buildActionMask = 2147483647;
			files = (
			);
			inputPaths = (
				"${PODS_PODFILE_DIR_PATH}/Podfile.lock",
				"${PODS_ROOT}/Manifest.lock",
			);
			name = "[CP] Check Pods Manifest.lock";
			outputPaths = (
				"$(DERIVED_FILE_DIR)/Pods-GuoMeiMall-checkManifestLockResult.txt",
			);
			runOnlyForDeploymentPostprocessing = 0;
			shellPath = /bin/sh;
			shellScript = "diff \"${PODS_PODFILE_DIR_PATH}/Podfile.lock\" \"${PODS_ROOT}/Manifest.lock\" > /dev/null\nif [ $? != 0 ] ; then\n    # print error to STDERR\n    echo \"error: The sandbox is not in sync with the Podfile.lock. Run 'pod install' or update your CocoaPods installation.\" >&2\n    exit 1\nfi\n# This output is used by Xcode 'outputs' to avoid re-running this script phase.\necho \"SUCCESS\" > \"${SCRIPT_OUTPUT_FILE_0}\"\n";
			showEnvVarsInLog = 0;
		};
		DF61552B36BD3FFE0A8FAFE2 /* [CP] Copy Pods Resources */ = {
			isa = PBXShellScriptBuildPhase;
			buildActionMask = 2147483647;
			files = (
			);
			inputPaths = (
				"${SRCROOT}/Pods/Target Support Files/Pods-GuoMeiMall/Pods-GuoMeiMall-resources.sh",
				"${PODS_ROOT}/IQKeyboardManager/IQKeyboardManager/Resources/IQKeyboardManager.bundle",
				"${PODS_ROOT}/MJRefresh/MJRefresh/MJRefresh.bundle",
				"${PODS_ROOT}/SVProgressHUD/SVProgressHUD/SVProgressHUD.bundle",
			);
			name = "[CP] Copy Pods Resources";
			outputPaths = (
				"${TARGET_BUILD_DIR}/${UNLOCALIZED_RESOURCES_FOLDER_PATH}",
			);
			runOnlyForDeploymentPostprocessing = 0;
			shellPath = /bin/sh;
			shellScript = "\"${SRCROOT}/Pods/Target Support Files/Pods-GuoMeiMall/Pods-GuoMeiMall-resources.sh\"\n";
			showEnvVarsInLog = 0;
		};
		F452C3BF906933A3B1C7D782 /* [CP] Embed Pods Frameworks */ = {
			isa = PBXShellScriptBuildPhase;
			buildActionMask = 2147483647;
			files = (
			);
			inputPaths = (
			);
			name = "[CP] Embed Pods Frameworks";
			outputPaths = (
			);
			runOnlyForDeploymentPostprocessing = 0;
			shellPath = /bin/sh;
			shellScript = "\"${SRCROOT}/Pods/Target Support Files/Pods-GuoMeiMall/Pods-GuoMeiMall-frameworks.sh\"\n";
			showEnvVarsInLog = 0;
		};
/* End PBXShellScriptBuildPhase section */

/* Begin PBXSourcesBuildPhase section */
		F0C0B87B207A0D5400379213 /* Sources */ = {
			isa = PBXSourcesBuildPhase;
			buildActionMask = 2147483647;
			files = (
				F078F00B207B3951005F8B30 /* GMMyCenterController.m in Sources */,
				F078F01C207B4C77005F8B30 /* GMNewFeatureController.m in Sources */,
				F078F023207B5A48005F8B30 /* GMAppVersion.m in Sources */,
				F0C58936207C691A00CE448F /* UIView+Toast.m in Sources */,
				F078F014207B3A9C005F8B30 /* GMMediaListController.m in Sources */,
				F0318A2A207EFB8500825887 /* GMCenterItemCell.m in Sources */,
				F031772E207DE6050064E4F2 /* GMMyCenterHeadView.m in Sources */,
				F078F02D207B6C62005F8B30 /* GMAccountPwdView.m in Sources */,
				F0318AAE207F590700825887 /* GMCenterShopCell.m in Sources */,
				F0C58928207C4F1500CE448F /* Foundation+Log.m in Sources */,
				F0318A98207F2C1100825887 /* GMCenterServiceCell.m in Sources */,
				F0317733207DF3800064E4F2 /* GMMyCenterTopView.m in Sources */,
				F078F017207B3BE3005F8B30 /* GMHomeController.m in Sources */,
				F0318AB3207F5D2400825887 /* GMCenterBackCell.m in Sources */,
				F0C58926207C4F1500CE448F /* DCCheckRegular.m in Sources */,
				F0318A55207F030F00825887 /* GMStateItem.m in Sources */,
				F0C58925207C4F1500CE448F /* DCSpeedy.m in Sources */,
				F078F00E207B3997005F8B30 /* GMBeautyMessageController.m in Sources */,
				F0C0B892207A0D5400379213 /* main.m in Sources */,
				F078EFEA207AFFC6005F8B30 /* UIView+Extension.m in Sources */,
				F0C5892E207C679200CE448F /* GMConsts.m in Sources */,
				F078F029207B67A4005F8B30 /* GMLoginController.m in Sources */,
				F0C58927207C4F1500CE448F /* DCObjManager.m in Sources */,
				F078F011207B3A44005F8B30 /* GMBeautyShopController.m in Sources */,
				F0C58929207C4F1500CE448F /* DCPlaceholderTextView.m in Sources */,
				F078EFEF207B1077005F8B30 /* GMNavController.m in Sources */,
				F0318AA6207F352B00825887 /* GMGoodsGridModel.m in Sources */,
				F0318A27207EF3A900825887 /* GMShareBtn.m in Sources */,
				F0318AA3207F351000825887 /* GMGoodsGridCell.m in Sources */,
				F0318A24207EF22B00825887 /* GMMyCenterBtn.m in Sources */,
				F078F008207B36AE005F8B30 /* GMBaseController.m in Sources */,
				F0C58931207C67AC00CE448F /* GMNotificationName.m in Sources */,
				F0C0B884207A0D5400379213 /* AppDelegate.m in Sources */,
				F0318AAA207F48FD00825887 /* UIColor+GMColorChange.m in Sources */,
				F0318A51207F01E200825887 /* GMStateItemCell.m in Sources */,
				F078EFF2207B1739005F8B30 /* GMTabController.m in Sources */,
				F078F01F207B4CB7005F8B30 /* GMNewFeatureCell.m in Sources */,
				F078F032207B6CAD005F8B30 /* GMPhoneRegistView.m in Sources */,
			);
			runOnlyForDeploymentPostprocessing = 0;
		};
		F0C0B893207A0D5400379213 /* Sources */ = {
			isa = PBXSourcesBuildPhase;
			buildActionMask = 2147483647;
			files = (
				F0C0B89C207A0D5400379213 /* GuoMeiMallTests.m in Sources */,
			);
			runOnlyForDeploymentPostprocessing = 0;
		};
		F0C0B89E207A0D5400379213 /* Sources */ = {
			isa = PBXSourcesBuildPhase;
			buildActionMask = 2147483647;
			files = (
				F0C0B8A7207A0D5400379213 /* GuoMeiMallUITests.m in Sources */,
			);
			runOnlyForDeploymentPostprocessing = 0;
		};
/* End PBXSourcesBuildPhase section */

/* Begin PBXTargetDependency section */
		F0C0B899207A0D5400379213 /* PBXTargetDependency */ = {
			isa = PBXTargetDependency;
			target = F0C0B87E207A0D5400379213 /* GuoMeiMall */;
			targetProxy = F0C0B898207A0D5400379213 /* PBXContainerItemProxy */;
		};
		F0C0B8A4207A0D5400379213 /* PBXTargetDependency */ = {
			isa = PBXTargetDependency;
			target = F0C0B87E207A0D5400379213 /* GuoMeiMall */;
			targetProxy = F0C0B8A3207A0D5400379213 /* PBXContainerItemProxy */;
		};
/* End PBXTargetDependency section */

/* Begin PBXVariantGroup section */
		F0C0B88D207A0D5400379213 /* LaunchScreen.storyboard */ = {
			isa = PBXVariantGroup;
			children = (
				F0C0B88E207A0D5400379213 /* Base */,
			);
			name = LaunchScreen.storyboard;
			sourceTree = "<group>";
		};
/* End PBXVariantGroup section */

/* Begin XCBuildConfiguration section */
		F0C0B8A9207A0D5400379213 /* Debug */ = {
			isa = XCBuildConfiguration;
			buildSettings = {
				ALWAYS_SEARCH_USER_PATHS = NO;
				CLANG_ANALYZER_NONNULL = YES;
				CLANG_ANALYZER_NUMBER_OBJECT_CONVERSION = YES_AGGRESSIVE;
				CLANG_CXX_LANGUAGE_STANDARD = "gnu++14";
				CLANG_CXX_LIBRARY = "libc++";
				CLANG_ENABLE_MODULES = YES;
				CLANG_ENABLE_OBJC_ARC = YES;
				CLANG_WARN_BLOCK_CAPTURE_AUTORELEASING = YES;
				CLANG_WARN_BOOL_CONVERSION = YES;
				CLANG_WARN_COMMA = YES;
				CLANG_WARN_CONSTANT_CONVERSION = YES;
				CLANG_WARN_DIRECT_OBJC_ISA_USAGE = YES_ERROR;
				CLANG_WARN_DOCUMENTATION_COMMENTS = YES;
				CLANG_WARN_EMPTY_BODY = YES;
				CLANG_WARN_ENUM_CONVERSION = YES;
				CLANG_WARN_INFINITE_RECURSION = YES;
				CLANG_WARN_INT_CONVERSION = YES;
				CLANG_WARN_NON_LITERAL_NULL_CONVERSION = YES;
				CLANG_WARN_OBJC_LITERAL_CONVERSION = YES;
				CLANG_WARN_OBJC_ROOT_CLASS = YES_ERROR;
				CLANG_WARN_RANGE_LOOP_ANALYSIS = YES;
				CLANG_WARN_STRICT_PROTOTYPES = YES;
				CLANG_WARN_SUSPICIOUS_MOVE = YES;
				CLANG_WARN_UNGUARDED_AVAILABILITY = YES_AGGRESSIVE;
				CLANG_WARN_UNREACHABLE_CODE = YES;
				CLANG_WARN__DUPLICATE_METHOD_MATCH = YES;
				CODE_SIGN_IDENTITY = "iPhone Developer";
				COPY_PHASE_STRIP = NO;
				DEBUG_INFORMATION_FORMAT = dwarf;
				ENABLE_STRICT_OBJC_MSGSEND = YES;
				ENABLE_TESTABILITY = YES;
				GCC_C_LANGUAGE_STANDARD = gnu11;
				GCC_DYNAMIC_NO_PIC = NO;
				GCC_NO_COMMON_BLOCKS = YES;
				GCC_OPTIMIZATION_LEVEL = 0;
				GCC_PREPROCESSOR_DEFINITIONS = (
					"DEBUG=1",
					"$(inherited)",
				);
				GCC_WARN_64_TO_32_BIT_CONVERSION = YES;
				GCC_WARN_ABOUT_RETURN_TYPE = YES_ERROR;
				GCC_WARN_UNDECLARED_SELECTOR = YES;
				GCC_WARN_UNINITIALIZED_AUTOS = YES_AGGRESSIVE;
				GCC_WARN_UNUSED_FUNCTION = YES;
				GCC_WARN_UNUSED_VARIABLE = YES;
				IPHONEOS_DEPLOYMENT_TARGET = 11.1;
				MTL_ENABLE_DEBUG_INFO = YES;
				ONLY_ACTIVE_ARCH = YES;
				SDKROOT = iphoneos;
			};
			name = Debug;
		};
		F0C0B8AA207A0D5400379213 /* Release */ = {
			isa = XCBuildConfiguration;
			buildSettings = {
				ALWAYS_SEARCH_USER_PATHS = NO;
				CLANG_ANALYZER_NONNULL = YES;
				CLANG_ANALYZER_NUMBER_OBJECT_CONVERSION = YES_AGGRESSIVE;
				CLANG_CXX_LANGUAGE_STANDARD = "gnu++14";
				CLANG_CXX_LIBRARY = "libc++";
				CLANG_ENABLE_MODULES = YES;
				CLANG_ENABLE_OBJC_ARC = YES;
				CLANG_WARN_BLOCK_CAPTURE_AUTORELEASING = YES;
				CLANG_WARN_BOOL_CONVERSION = YES;
				CLANG_WARN_COMMA = YES;
				CLANG_WARN_CONSTANT_CONVERSION = YES;
				CLANG_WARN_DIRECT_OBJC_ISA_USAGE = YES_ERROR;
				CLANG_WARN_DOCUMENTATION_COMMENTS = YES;
				CLANG_WARN_EMPTY_BODY = YES;
				CLANG_WARN_ENUM_CONVERSION = YES;
				CLANG_WARN_INFINITE_RECURSION = YES;
				CLANG_WARN_INT_CONVERSION = YES;
				CLANG_WARN_NON_LITERAL_NULL_CONVERSION = YES;
				CLANG_WARN_OBJC_LITERAL_CONVERSION = YES;
				CLANG_WARN_OBJC_ROOT_CLASS = YES_ERROR;
				CLANG_WARN_RANGE_LOOP_ANALYSIS = YES;
				CLANG_WARN_STRICT_PROTOTYPES = YES;
				CLANG_WARN_SUSPICIOUS_MOVE = YES;
				CLANG_WARN_UNGUARDED_AVAILABILITY = YES_AGGRESSIVE;
				CLANG_WARN_UNREACHABLE_CODE = YES;
				CLANG_WARN__DUPLICATE_METHOD_MATCH = YES;
				CODE_SIGN_IDENTITY = "iPhone Developer";
				COPY_PHASE_STRIP = NO;
				DEBUG_INFORMATION_FORMAT = "dwarf-with-dsym";
				ENABLE_NS_ASSERTIONS = NO;
				ENABLE_STRICT_OBJC_MSGSEND = YES;
				GCC_C_LANGUAGE_STANDARD = gnu11;
				GCC_NO_COMMON_BLOCKS = YES;
				GCC_WARN_64_TO_32_BIT_CONVERSION = YES;
				GCC_WARN_ABOUT_RETURN_TYPE = YES_ERROR;
				GCC_WARN_UNDECLARED_SELECTOR = YES;
				GCC_WARN_UNINITIALIZED_AUTOS = YES_AGGRESSIVE;
				GCC_WARN_UNUSED_FUNCTION = YES;
				GCC_WARN_UNUSED_VARIABLE = YES;
				IPHONEOS_DEPLOYMENT_TARGET = 11.1;
				MTL_ENABLE_DEBUG_INFO = NO;
				SDKROOT = iphoneos;
				VALIDATE_PRODUCT = YES;
			};
			name = Release;
		};
		F0C0B8AC207A0D5400379213 /* Debug */ = {
			isa = XCBuildConfiguration;
			baseConfigurationReference = B7B54A8E0B51C06CFB6A4B1D /* Pods-GuoMeiMall.debug.xcconfig */;
			buildSettings = {
				ASSETCATALOG_COMPILER_APPICON_NAME = AppIcon;
				ASSETCATALOG_COMPILER_LAUNCHIMAGE_NAME = LaunchImage;
				CODE_SIGN_STYLE = Automatic;
				DEVELOPMENT_TEAM = A2N8A4ABC3;
				GCC_PRECOMPILE_PREFIX_HEADER = YES;
				GCC_PREFIX_HEADER = /Users/hjun/Desktop/GuoMeiMall/GuoMeiMall/GuoMeiMall/PrefixHeader.pch;
				INFOPLIST_FILE = GuoMeiMall/Info.plist;
				IPHONEOS_DEPLOYMENT_TARGET = 10.0;
				LD_RUNPATH_SEARCH_PATHS = "$(inherited) @executable_path/Frameworks";
				PRODUCT_BUNDLE_IDENTIFIER = "cl-ele.GuoMeiMall";
				PRODUCT_NAME = "$(TARGET_NAME)";
				TARGETED_DEVICE_FAMILY = "1,2";
			};
			name = Debug;
		};
		F0C0B8AD207A0D5400379213 /* Release */ = {
			isa = XCBuildConfiguration;
			baseConfigurationReference = 2D8F9D0277B317D467E313DB /* Pods-GuoMeiMall.release.xcconfig */;
			buildSettings = {
				ASSETCATALOG_COMPILER_APPICON_NAME = AppIcon;
				ASSETCATALOG_COMPILER_LAUNCHIMAGE_NAME = LaunchImage;
				CODE_SIGN_STYLE = Automatic;
				DEVELOPMENT_TEAM = A2N8A4ABC3;
				GCC_PRECOMPILE_PREFIX_HEADER = YES;
				GCC_PREFIX_HEADER = /Users/hjun/Desktop/GuoMeiMall/GuoMeiMall/GuoMeiMall/PrefixHeader.pch;
				INFOPLIST_FILE = GuoMeiMall/Info.plist;
				IPHONEOS_DEPLOYMENT_TARGET = 10.0;
				LD_RUNPATH_SEARCH_PATHS = "$(inherited) @executable_path/Frameworks";
				PRODUCT_BUNDLE_IDENTIFIER = "cl-ele.GuoMeiMall";
				PRODUCT_NAME = "$(TARGET_NAME)";
				TARGETED_DEVICE_FAMILY = "1,2";
			};
			name = Release;
		};
		F0C0B8AF207A0D5400379213 /* Debug */ = {
			isa = XCBuildConfiguration;
			buildSettings = {
				BUNDLE_LOADER = "$(TEST_HOST)";
				CODE_SIGN_STYLE = Automatic;
				DEVELOPMENT_TEAM = UBB52YGJ4B;
				INFOPLIST_FILE = GuoMeiMallTests/Info.plist;
				LD_RUNPATH_SEARCH_PATHS = "$(inherited) @executable_path/Frameworks @loader_path/Frameworks";
				PRODUCT_BUNDLE_IDENTIFIER = "cl-ele.GuoMeiMallTests";
				PRODUCT_NAME = "$(TARGET_NAME)";
				TARGETED_DEVICE_FAMILY = "1,2";
				TEST_HOST = "$(BUILT_PRODUCTS_DIR)/GuoMeiMall.app/GuoMeiMall";
			};
			name = Debug;
		};
		F0C0B8B0207A0D5400379213 /* Release */ = {
			isa = XCBuildConfiguration;
			buildSettings = {
				BUNDLE_LOADER = "$(TEST_HOST)";
				CODE_SIGN_STYLE = Automatic;
				DEVELOPMENT_TEAM = UBB52YGJ4B;
				INFOPLIST_FILE = GuoMeiMallTests/Info.plist;
				LD_RUNPATH_SEARCH_PATHS = "$(inherited) @executable_path/Frameworks @loader_path/Frameworks";
				PRODUCT_BUNDLE_IDENTIFIER = "cl-ele.GuoMeiMallTests";
				PRODUCT_NAME = "$(TARGET_NAME)";
				TARGETED_DEVICE_FAMILY = "1,2";
				TEST_HOST = "$(BUILT_PRODUCTS_DIR)/GuoMeiMall.app/GuoMeiMall";
			};
			name = Release;
		};
		F0C0B8B2207A0D5400379213 /* Debug */ = {
			isa = XCBuildConfiguration;
			buildSettings = {
				CODE_SIGN_STYLE = Automatic;
				DEVELOPMENT_TEAM = UBB52YGJ4B;
				INFOPLIST_FILE = GuoMeiMallUITests/Info.plist;
				LD_RUNPATH_SEARCH_PATHS = "$(inherited) @executable_path/Frameworks @loader_path/Frameworks";
				PRODUCT_BUNDLE_IDENTIFIER = "cl-ele.GuoMeiMallUITests";
				PRODUCT_NAME = "$(TARGET_NAME)";
				TARGETED_DEVICE_FAMILY = "1,2";
				TEST_TARGET_NAME = GuoMeiMall;
			};
			name = Debug;
		};
		F0C0B8B3207A0D5400379213 /* Release */ = {
			isa = XCBuildConfiguration;
			buildSettings = {
				CODE_SIGN_STYLE = Automatic;
				DEVELOPMENT_TEAM = UBB52YGJ4B;
				INFOPLIST_FILE = GuoMeiMallUITests/Info.plist;
				LD_RUNPATH_SEARCH_PATHS = "$(inherited) @executable_path/Frameworks @loader_path/Frameworks";
				PRODUCT_BUNDLE_IDENTIFIER = "cl-ele.GuoMeiMallUITests";
				PRODUCT_NAME = "$(TARGET_NAME)";
				TARGETED_DEVICE_FAMILY = "1,2";
				TEST_TARGET_NAME = GuoMeiMall;
			};
			name = Release;
		};
/* End XCBuildConfiguration section */

/* Begin XCConfigurationList section */
		F0C0B87A207A0D5400379213 /* Build configuration list for PBXProject "GuoMeiMall" */ = {
			isa = XCConfigurationList;
			buildConfigurations = (
				F0C0B8A9207A0D5400379213 /* Debug */,
				F0C0B8AA207A0D5400379213 /* Release */,
			);
			defaultConfigurationIsVisible = 0;
			defaultConfigurationName = Release;
		};
		F0C0B8AB207A0D5400379213 /* Build configuration list for PBXNativeTarget "GuoMeiMall" */ = {
			isa = XCConfigurationList;
			buildConfigurations = (
				F0C0B8AC207A0D5400379213 /* Debug */,
				F0C0B8AD207A0D5400379213 /* Release */,
			);
			defaultConfigurationIsVisible = 0;
			defaultConfigurationName = Release;
		};
		F0C0B8AE207A0D5400379213 /* Build configuration list for PBXNativeTarget "GuoMeiMallTests" */ = {
			isa = XCConfigurationList;
			buildConfigurations = (
				F0C0B8AF207A0D5400379213 /* Debug */,
				F0C0B8B0207A0D5400379213 /* Release */,
			);
			defaultConfigurationIsVisible = 0;
			defaultConfigurationName = Release;
		};
		F0C0B8B1207A0D5400379213 /* Build configuration list for PBXNativeTarget "GuoMeiMallUITests" */ = {
			isa = XCConfigurationList;
			buildConfigurations = (
				F0C0B8B2207A0D5400379213 /* Debug */,
				F0C0B8B3207A0D5400379213 /* Release */,
			);
			defaultConfigurationIsVisible = 0;
			defaultConfigurationName = Release;
		};
/* End XCConfigurationList section */
	};
	rootObject = F0C0B877207A0D5400379213 /* Project object */;
}
